
Microsoft Visual Studio Solution File, Format Version 12.00
# Visual Studio 2013
VisualStudioVersion = 12.0.31101.0
MinimumVisualStudioVersion = 10.0.40219.1
Project("{8BC9CEB8-8B4A-11D0-8D11-00A0C91BC942}") = "amqplib", "amqplib\amqplib.vcxproj", "{666A1F7D-0127-4C52-ACEC-16F3DF9E5CE2}"
EndProject
Project("{8BC9CEB8-8B4A-11D0-8D11-00A0C91BC942}") = "send", "samples\send\send.vcxproj", "{7C0E773F-D962-41C0-B545-A24C41D80CC1}"
EndProject
Project("{2150E333-8FDC-42A3-9474-1A3956D46DE8}") = "testtools", "testtools", "{802A44A3-2DAC-477A-BB11-AF1BCB149872}"
EndProject
Project("{2150E333-8FDC-42A3-9474-1A3956D46DE8}") = "unittests", "unittests", "{CBD46751-8170-4AD7-9D25-2C52EACFCAFA}"
EndProject
Project("{8BC9CEB8-8B4A-11D0-8D11-00A0C91BC942}") = "amqpvalue_unittests", "unittests\amqpvalue_unittests\amqpvalue_unittests.vcxproj", "{4EDB5156-C20F-4F95-8CE4-F48D3399D6E3}"
EndProject
Project("{8BC9CEB8-8B4A-11D0-8D11-00A0C91BC942}") = "list_unittests", "unittests\list_unittests\list_unittests.vcxproj", "{8339AFBC-AF56-40A6-8E4A-A58E948958E4}"
EndProject
Project("{8BC9CEB8-8B4A-11D0-8D11-00A0C91BC942}") = "micromock", "testtools\micromock\build\windows\micromock.vcxproj", "{236FD5EB-D669-44A2-9732-DB96C56E7384}"
EndProject
Project("{2150E333-8FDC-42A3-9474-1A3956D46DE8}") = "requirement_docs", "requirement_docs", "{CB86A156-5911-409B-83C6-7227794000CA}"
	ProjectSection(SolutionItems) = preProject
		doc\amqp_frame_codec_requirements.docm = doc\amqp_frame_codec_requirements.docm
		doc\amqpvalue_requirements.docm = doc\amqpvalue_requirements.docm
		doc\connection_requirements.docm = doc\connection_requirements.docm
		doc\frame_codec_requirements.docm = doc\frame_codec_requirements.docm
		doc\io_requirements.docm = doc\io_requirements.docm
		doc\list_requirements.docm = doc\list_requirements.docm
		doc\session_monitor_requirements.docm = doc\session_monitor_requirements.docm
	EndProjectSection
EndProject
Project("{8BC9CEB8-8B4A-11D0-8D11-00A0C91BC942}") = "connection_unittests", "unittests\connection_unittests\connection_unittests.vcxproj", "{BF9147A2-5254-447B-80A2-2DB387E3CFB4}"
EndProject
Project("{8BC9CEB8-8B4A-11D0-8D11-00A0C91BC942}") = "io_unittests", "unittests\io_unittests\io_unittests.vcxproj", "{9408DA4C-C34E-4161-9049-FEC3D9490800}"
EndProject
Project("{8BC9CEB8-8B4A-11D0-8D11-00A0C91BC942}") = "frame_codec_unittests", "unittests\frame_codec_unittests\frame_codec_unittests.vcxproj", "{F1D87385-389B-42A0-B9D2-F0C06D817CF8}"
EndProject
Project("{8BC9CEB8-8B4A-11D0-8D11-00A0C91BC942}") = "amqp_frame_codec_unittests", "unittests\amqp_frame_codec_unittests\amqp_frame_codec_unittests.vcxproj", "{4DD54279-34F8-437A-91F2-FF84B529ABD5}"
EndProject
Project("{FAE04EC0-301F-11D3-BF4B-00C04F79EFBC}") = "amqplib_generator", "amqplib_generator\amqplib_generator.csproj", "{53D12D47-7F69-47C5-A45B-5DF5424955D7}"
EndProject
Project("{2150E333-8FDC-42A3-9474-1A3956D46DE8}") = "iso", "iso", "{E8E0BC63-D494-4AD5-9F16-1B743086E124}"
	ProjectSection(SolutionItems) = preProject
		iso\amqp-core-complete-v1.0.pdf = iso\amqp-core-complete-v1.0.pdf
	EndProjectSection
EndProject
Project("{8BC9CEB8-8B4A-11D0-8D11-00A0C91BC942}") = "amqpvalue_limits_unittests", "unittests\amqpvalue_limits_unittests\amqpvalue_limits_unittests.vcxproj", "{C31439B0-82A8-4093-B2A0-D43350B68B27}"
EndProject
Global
	GlobalSection(SolutionConfigurationPlatforms) = preSolution
		Debug|Any CPU = Debug|Any CPU
		Debug|ARM = Debug|ARM
		Debug|Mixed Platforms = Debug|Mixed Platforms
		Debug|Win32 = Debug|Win32
		Debug|x64 = Debug|x64
		DebugNoEnhInstr|Any CPU = DebugNoEnhInstr|Any CPU
		DebugNoEnhInstr|ARM = DebugNoEnhInstr|ARM
		DebugNoEnhInstr|Mixed Platforms = DebugNoEnhInstr|Mixed Platforms
		DebugNoEnhInstr|Win32 = DebugNoEnhInstr|Win32
		DebugNoEnhInstr|x64 = DebugNoEnhInstr|x64
		Release|Any CPU = Release|Any CPU
		Release|ARM = Release|ARM
		Release|Mixed Platforms = Release|Mixed Platforms
		Release|Win32 = Release|Win32
		Release|x64 = Release|x64
		ReleaseNoEnhInstr|Any CPU = ReleaseNoEnhInstr|Any CPU
		ReleaseNoEnhInstr|ARM = ReleaseNoEnhInstr|ARM
		ReleaseNoEnhInstr|Mixed Platforms = ReleaseNoEnhInstr|Mixed Platforms
		ReleaseNoEnhInstr|Win32 = ReleaseNoEnhInstr|Win32
		ReleaseNoEnhInstr|x64 = ReleaseNoEnhInstr|x64
	EndGlobalSection
	GlobalSection(ProjectConfigurationPlatforms) = postSolution
		{666A1F7D-0127-4C52-ACEC-16F3DF9E5CE2}.Debug|Any CPU.ActiveCfg = Debug|Win32
		{666A1F7D-0127-4C52-ACEC-16F3DF9E5CE2}.Debug|ARM.ActiveCfg = Debug|Win32
		{666A1F7D-0127-4C52-ACEC-16F3DF9E5CE2}.Debug|Mixed Platforms.ActiveCfg = Debug|Win32
		{666A1F7D-0127-4C52-ACEC-16F3DF9E5CE2}.Debug|Mixed Platforms.Build.0 = Debug|Win32
		{666A1F7D-0127-4C52-ACEC-16F3DF9E5CE2}.Debug|Win32.ActiveCfg = Debug|Win32
		{666A1F7D-0127-4C52-ACEC-16F3DF9E5CE2}.Debug|Win32.Build.0 = Debug|Win32
		{666A1F7D-0127-4C52-ACEC-16F3DF9E5CE2}.Debug|x64.ActiveCfg = Debug|x64
		{666A1F7D-0127-4C52-ACEC-16F3DF9E5CE2}.Debug|x64.Build.0 = Debug|x64
		{666A1F7D-0127-4C52-ACEC-16F3DF9E5CE2}.DebugNoEnhInstr|Any CPU.ActiveCfg = Debug|Win32
		{666A1F7D-0127-4C52-ACEC-16F3DF9E5CE2}.DebugNoEnhInstr|ARM.ActiveCfg = Debug|Win32
		{666A1F7D-0127-4C52-ACEC-16F3DF9E5CE2}.DebugNoEnhInstr|Mixed Platforms.ActiveCfg = Debug|Win32
		{666A1F7D-0127-4C52-ACEC-16F3DF9E5CE2}.DebugNoEnhInstr|Mixed Platforms.Build.0 = Debug|Win32
		{666A1F7D-0127-4C52-ACEC-16F3DF9E5CE2}.DebugNoEnhInstr|Win32.ActiveCfg = Debug|Win32
		{666A1F7D-0127-4C52-ACEC-16F3DF9E5CE2}.DebugNoEnhInstr|Win32.Build.0 = Debug|Win32
		{666A1F7D-0127-4C52-ACEC-16F3DF9E5CE2}.DebugNoEnhInstr|x64.ActiveCfg = Debug|x64
		{666A1F7D-0127-4C52-ACEC-16F3DF9E5CE2}.DebugNoEnhInstr|x64.Build.0 = Debug|x64
		{666A1F7D-0127-4C52-ACEC-16F3DF9E5CE2}.Release|Any CPU.ActiveCfg = Release|Win32
		{666A1F7D-0127-4C52-ACEC-16F3DF9E5CE2}.Release|ARM.ActiveCfg = Release|Win32
		{666A1F7D-0127-4C52-ACEC-16F3DF9E5CE2}.Release|Mixed Platforms.ActiveCfg = Release|Win32
		{666A1F7D-0127-4C52-ACEC-16F3DF9E5CE2}.Release|Mixed Platforms.Build.0 = Release|Win32
		{666A1F7D-0127-4C52-ACEC-16F3DF9E5CE2}.Release|Win32.ActiveCfg = Release|Win32
		{666A1F7D-0127-4C52-ACEC-16F3DF9E5CE2}.Release|Win32.Build.0 = Release|Win32
		{666A1F7D-0127-4C52-ACEC-16F3DF9E5CE2}.Release|x64.ActiveCfg = Release|x64
		{666A1F7D-0127-4C52-ACEC-16F3DF9E5CE2}.Release|x64.Build.0 = Release|x64
		{666A1F7D-0127-4C52-ACEC-16F3DF9E5CE2}.ReleaseNoEnhInstr|Any CPU.ActiveCfg = Release|Win32
		{666A1F7D-0127-4C52-ACEC-16F3DF9E5CE2}.ReleaseNoEnhInstr|ARM.ActiveCfg = Release|Win32
		{666A1F7D-0127-4C52-ACEC-16F3DF9E5CE2}.ReleaseNoEnhInstr|Mixed Platforms.ActiveCfg = Release|Win32
		{666A1F7D-0127-4C52-ACEC-16F3DF9E5CE2}.ReleaseNoEnhInstr|Mixed Platforms.Build.0 = Release|Win32
		{666A1F7D-0127-4C52-ACEC-16F3DF9E5CE2}.ReleaseNoEnhInstr|Win32.ActiveCfg = Release|Win32
		{666A1F7D-0127-4C52-ACEC-16F3DF9E5CE2}.ReleaseNoEnhInstr|Win32.Build.0 = Release|Win32
		{666A1F7D-0127-4C52-ACEC-16F3DF9E5CE2}.ReleaseNoEnhInstr|x64.ActiveCfg = Release|x64
		{666A1F7D-0127-4C52-ACEC-16F3DF9E5CE2}.ReleaseNoEnhInstr|x64.Build.0 = Release|x64
		{7C0E773F-D962-41C0-B545-A24C41D80CC1}.Debug|Any CPU.ActiveCfg = Debug|Win32
		{7C0E773F-D962-41C0-B545-A24C41D80CC1}.Debug|ARM.ActiveCfg = Debug|Win32
		{7C0E773F-D962-41C0-B545-A24C41D80CC1}.Debug|Mixed Platforms.ActiveCfg = Debug|Win32
		{7C0E773F-D962-41C0-B545-A24C41D80CC1}.Debug|Mixed Platforms.Build.0 = Debug|Win32
		{7C0E773F-D962-41C0-B545-A24C41D80CC1}.Debug|Win32.ActiveCfg = Debug|Win32
		{7C0E773F-D962-41C0-B545-A24C41D80CC1}.Debug|Win32.Build.0 = Debug|Win32
		{7C0E773F-D962-41C0-B545-A24C41D80CC1}.Debug|x64.ActiveCfg = Debug|x64
		{7C0E773F-D962-41C0-B545-A24C41D80CC1}.Debug|x64.Build.0 = Debug|x64
		{7C0E773F-D962-41C0-B545-A24C41D80CC1}.DebugNoEnhInstr|Any CPU.ActiveCfg = Debug|Win32
		{7C0E773F-D962-41C0-B545-A24C41D80CC1}.DebugNoEnhInstr|ARM.ActiveCfg = Debug|Win32
		{7C0E773F-D962-41C0-B545-A24C41D80CC1}.DebugNoEnhInstr|Mixed Platforms.ActiveCfg = Debug|Win32
		{7C0E773F-D962-41C0-B545-A24C41D80CC1}.DebugNoEnhInstr|Mixed Platforms.Build.0 = Debug|Win32
		{7C0E773F-D962-41C0-B545-A24C41D80CC1}.DebugNoEnhInstr|Win32.ActiveCfg = Debug|Win32
		{7C0E773F-D962-41C0-B545-A24C41D80CC1}.DebugNoEnhInstr|Win32.Build.0 = Debug|Win32
		{7C0E773F-D962-41C0-B545-A24C41D80CC1}.DebugNoEnhInstr|x64.ActiveCfg = Debug|x64
		{7C0E773F-D962-41C0-B545-A24C41D80CC1}.DebugNoEnhInstr|x64.Build.0 = Debug|x64
		{7C0E773F-D962-41C0-B545-A24C41D80CC1}.Release|Any CPU.ActiveCfg = Release|Win32
		{7C0E773F-D962-41C0-B545-A24C41D80CC1}.Release|ARM.ActiveCfg = Release|Win32
		{7C0E773F-D962-41C0-B545-A24C41D80CC1}.Release|Mixed Platforms.ActiveCfg = Release|Win32
		{7C0E773F-D962-41C0-B545-A24C41D80CC1}.Release|Mixed Platforms.Build.0 = Release|Win32
		{7C0E773F-D962-41C0-B545-A24C41D80CC1}.Release|Win32.ActiveCfg = Release|Win32
		{7C0E773F-D962-41C0-B545-A24C41D80CC1}.Release|Win32.Build.0 = Release|Win32
		{7C0E773F-D962-41C0-B545-A24C41D80CC1}.Release|x64.ActiveCfg = Release|x64
		{7C0E773F-D962-41C0-B545-A24C41D80CC1}.Release|x64.Build.0 = Release|x64
		{7C0E773F-D962-41C0-B545-A24C41D80CC1}.ReleaseNoEnhInstr|Any CPU.ActiveCfg = Release|Win32
		{7C0E773F-D962-41C0-B545-A24C41D80CC1}.ReleaseNoEnhInstr|ARM.ActiveCfg = Release|Win32
		{7C0E773F-D962-41C0-B545-A24C41D80CC1}.ReleaseNoEnhInstr|Mixed Platforms.ActiveCfg = Release|Win32
		{7C0E773F-D962-41C0-B545-A24C41D80CC1}.ReleaseNoEnhInstr|Mixed Platforms.Build.0 = Release|Win32
		{7C0E773F-D962-41C0-B545-A24C41D80CC1}.ReleaseNoEnhInstr|Win32.ActiveCfg = Release|Win32
		{7C0E773F-D962-41C0-B545-A24C41D80CC1}.ReleaseNoEnhInstr|Win32.Build.0 = Release|Win32
		{7C0E773F-D962-41C0-B545-A24C41D80CC1}.ReleaseNoEnhInstr|x64.ActiveCfg = Release|x64
		{7C0E773F-D962-41C0-B545-A24C41D80CC1}.ReleaseNoEnhInstr|x64.Build.0 = Release|x64
		{4EDB5156-C20F-4F95-8CE4-F48D3399D6E3}.Debug|Any CPU.ActiveCfg = Debug|Win32
		{4EDB5156-C20F-4F95-8CE4-F48D3399D6E3}.Debug|ARM.ActiveCfg = Debug|Win32
		{4EDB5156-C20F-4F95-8CE4-F48D3399D6E3}.Debug|Mixed Platforms.ActiveCfg = Debug|Win32
		{4EDB5156-C20F-4F95-8CE4-F48D3399D6E3}.Debug|Mixed Platforms.Build.0 = Debug|Win32
		{4EDB5156-C20F-4F95-8CE4-F48D3399D6E3}.Debug|Win32.ActiveCfg = Debug|Win32
		{4EDB5156-C20F-4F95-8CE4-F48D3399D6E3}.Debug|Win32.Build.0 = Debug|Win32
		{4EDB5156-C20F-4F95-8CE4-F48D3399D6E3}.Debug|x64.ActiveCfg = Debug|x64
		{4EDB5156-C20F-4F95-8CE4-F48D3399D6E3}.Debug|x64.Build.0 = Debug|x64
		{4EDB5156-C20F-4F95-8CE4-F48D3399D6E3}.DebugNoEnhInstr|Any CPU.ActiveCfg = Debug|Win32
		{4EDB5156-C20F-4F95-8CE4-F48D3399D6E3}.DebugNoEnhInstr|ARM.ActiveCfg = Debug|Win32
		{4EDB5156-C20F-4F95-8CE4-F48D3399D6E3}.DebugNoEnhInstr|Mixed Platforms.ActiveCfg = Debug|Win32
		{4EDB5156-C20F-4F95-8CE4-F48D3399D6E3}.DebugNoEnhInstr|Mixed Platforms.Build.0 = Debug|Win32
		{4EDB5156-C20F-4F95-8CE4-F48D3399D6E3}.DebugNoEnhInstr|Win32.ActiveCfg = Debug|Win32
		{4EDB5156-C20F-4F95-8CE4-F48D3399D6E3}.DebugNoEnhInstr|Win32.Build.0 = Debug|Win32
		{4EDB5156-C20F-4F95-8CE4-F48D3399D6E3}.DebugNoEnhInstr|x64.ActiveCfg = Debug|x64
		{4EDB5156-C20F-4F95-8CE4-F48D3399D6E3}.DebugNoEnhInstr|x64.Build.0 = Debug|x64
		{4EDB5156-C20F-4F95-8CE4-F48D3399D6E3}.Release|Any CPU.ActiveCfg = Release|Win32
		{4EDB5156-C20F-4F95-8CE4-F48D3399D6E3}.Release|ARM.ActiveCfg = Release|Win32
		{4EDB5156-C20F-4F95-8CE4-F48D3399D6E3}.Release|Mixed Platforms.ActiveCfg = Release|Win32
		{4EDB5156-C20F-4F95-8CE4-F48D3399D6E3}.Release|Mixed Platforms.Build.0 = Release|Win32
		{4EDB5156-C20F-4F95-8CE4-F48D3399D6E3}.Release|Win32.ActiveCfg = Release|Win32
		{4EDB5156-C20F-4F95-8CE4-F48D3399D6E3}.Release|Win32.Build.0 = Release|Win32
		{4EDB5156-C20F-4F95-8CE4-F48D3399D6E3}.Release|x64.ActiveCfg = Release|x64
		{4EDB5156-C20F-4F95-8CE4-F48D3399D6E3}.Release|x64.Build.0 = Release|x64
		{4EDB5156-C20F-4F95-8CE4-F48D3399D6E3}.ReleaseNoEnhInstr|Any CPU.ActiveCfg = Release|Win32
		{4EDB5156-C20F-4F95-8CE4-F48D3399D6E3}.ReleaseNoEnhInstr|ARM.ActiveCfg = Release|Win32
		{4EDB5156-C20F-4F95-8CE4-F48D3399D6E3}.ReleaseNoEnhInstr|Mixed Platforms.ActiveCfg = Release|Win32
		{4EDB5156-C20F-4F95-8CE4-F48D3399D6E3}.ReleaseNoEnhInstr|Mixed Platforms.Build.0 = Release|Win32
		{4EDB5156-C20F-4F95-8CE4-F48D3399D6E3}.ReleaseNoEnhInstr|Win32.ActiveCfg = Release|Win32
		{4EDB5156-C20F-4F95-8CE4-F48D3399D6E3}.ReleaseNoEnhInstr|Win32.Build.0 = Release|Win32
		{4EDB5156-C20F-4F95-8CE4-F48D3399D6E3}.ReleaseNoEnhInstr|x64.ActiveCfg = Release|x64
		{4EDB5156-C20F-4F95-8CE4-F48D3399D6E3}.ReleaseNoEnhInstr|x64.Build.0 = Release|x64
		{8339AFBC-AF56-40A6-8E4A-A58E948958E4}.Debug|Any CPU.ActiveCfg = Debug|Win32
		{8339AFBC-AF56-40A6-8E4A-A58E948958E4}.Debug|ARM.ActiveCfg = Debug|Win32
		{8339AFBC-AF56-40A6-8E4A-A58E948958E4}.Debug|Mixed Platforms.ActiveCfg = Debug|Win32
		{8339AFBC-AF56-40A6-8E4A-A58E948958E4}.Debug|Mixed Platforms.Build.0 = Debug|Win32
		{8339AFBC-AF56-40A6-8E4A-A58E948958E4}.Debug|Win32.ActiveCfg = Debug|Win32
		{8339AFBC-AF56-40A6-8E4A-A58E948958E4}.Debug|Win32.Build.0 = Debug|Win32
		{8339AFBC-AF56-40A6-8E4A-A58E948958E4}.Debug|x64.ActiveCfg = Debug|x64
		{8339AFBC-AF56-40A6-8E4A-A58E948958E4}.Debug|x64.Build.0 = Debug|x64
		{8339AFBC-AF56-40A6-8E4A-A58E948958E4}.DebugNoEnhInstr|Any CPU.ActiveCfg = Debug|Win32
		{8339AFBC-AF56-40A6-8E4A-A58E948958E4}.DebugNoEnhInstr|ARM.ActiveCfg = Debug|Win32
		{8339AFBC-AF56-40A6-8E4A-A58E948958E4}.DebugNoEnhInstr|Mixed Platforms.ActiveCfg = Debug|Win32
		{8339AFBC-AF56-40A6-8E4A-A58E948958E4}.DebugNoEnhInstr|Mixed Platforms.Build.0 = Debug|Win32
		{8339AFBC-AF56-40A6-8E4A-A58E948958E4}.DebugNoEnhInstr|Win32.ActiveCfg = Debug|Win32
		{8339AFBC-AF56-40A6-8E4A-A58E948958E4}.DebugNoEnhInstr|Win32.Build.0 = Debug|Win32
		{8339AFBC-AF56-40A6-8E4A-A58E948958E4}.DebugNoEnhInstr|x64.ActiveCfg = Debug|x64
		{8339AFBC-AF56-40A6-8E4A-A58E948958E4}.DebugNoEnhInstr|x64.Build.0 = Debug|x64
		{8339AFBC-AF56-40A6-8E4A-A58E948958E4}.Release|Any CPU.ActiveCfg = Release|Win32
		{8339AFBC-AF56-40A6-8E4A-A58E948958E4}.Release|ARM.ActiveCfg = Release|Win32
		{8339AFBC-AF56-40A6-8E4A-A58E948958E4}.Release|Mixed Platforms.ActiveCfg = Release|Win32
		{8339AFBC-AF56-40A6-8E4A-A58E948958E4}.Release|Mixed Platforms.Build.0 = Release|Win32
		{8339AFBC-AF56-40A6-8E4A-A58E948958E4}.Release|Win32.ActiveCfg = Release|Win32
		{8339AFBC-AF56-40A6-8E4A-A58E948958E4}.Release|Win32.Build.0 = Release|Win32
		{8339AFBC-AF56-40A6-8E4A-A58E948958E4}.Release|x64.ActiveCfg = Release|x64
		{8339AFBC-AF56-40A6-8E4A-A58E948958E4}.Release|x64.Build.0 = Release|x64
		{8339AFBC-AF56-40A6-8E4A-A58E948958E4}.ReleaseNoEnhInstr|Any CPU.ActiveCfg = Release|Win32
		{8339AFBC-AF56-40A6-8E4A-A58E948958E4}.ReleaseNoEnhInstr|ARM.ActiveCfg = Release|Win32
		{8339AFBC-AF56-40A6-8E4A-A58E948958E4}.ReleaseNoEnhInstr|Mixed Platforms.ActiveCfg = Release|Win32
		{8339AFBC-AF56-40A6-8E4A-A58E948958E4}.ReleaseNoEnhInstr|Mixed Platforms.Build.0 = Release|Win32
		{8339AFBC-AF56-40A6-8E4A-A58E948958E4}.ReleaseNoEnhInstr|Win32.ActiveCfg = Release|Win32
		{8339AFBC-AF56-40A6-8E4A-A58E948958E4}.ReleaseNoEnhInstr|Win32.Build.0 = Release|Win32
		{8339AFBC-AF56-40A6-8E4A-A58E948958E4}.ReleaseNoEnhInstr|x64.ActiveCfg = Release|x64
		{8339AFBC-AF56-40A6-8E4A-A58E948958E4}.ReleaseNoEnhInstr|x64.Build.0 = Release|x64
		{236FD5EB-D669-44A2-9732-DB96C56E7384}.Debug|Any CPU.ActiveCfg = Debug|Win32
		{236FD5EB-D669-44A2-9732-DB96C56E7384}.Debug|ARM.ActiveCfg = Debug|ARM
		{236FD5EB-D669-44A2-9732-DB96C56E7384}.Debug|ARM.Build.0 = Debug|ARM
		{236FD5EB-D669-44A2-9732-DB96C56E7384}.Debug|Mixed Platforms.ActiveCfg = Debug|Win32
		{236FD5EB-D669-44A2-9732-DB96C56E7384}.Debug|Mixed Platforms.Build.0 = Debug|Win32
		{236FD5EB-D669-44A2-9732-DB96C56E7384}.Debug|Win32.ActiveCfg = Debug|Win32
		{236FD5EB-D669-44A2-9732-DB96C56E7384}.Debug|Win32.Build.0 = Debug|Win32
		{236FD5EB-D669-44A2-9732-DB96C56E7384}.Debug|x64.ActiveCfg = Debug|x64
		{236FD5EB-D669-44A2-9732-DB96C56E7384}.Debug|x64.Build.0 = Debug|x64
		{236FD5EB-D669-44A2-9732-DB96C56E7384}.DebugNoEnhInstr|Any CPU.ActiveCfg = Debug|Win32
		{236FD5EB-D669-44A2-9732-DB96C56E7384}.DebugNoEnhInstr|ARM.ActiveCfg = Debug|ARM
		{236FD5EB-D669-44A2-9732-DB96C56E7384}.DebugNoEnhInstr|ARM.Build.0 = Debug|ARM
		{236FD5EB-D669-44A2-9732-DB96C56E7384}.DebugNoEnhInstr|Mixed Platforms.ActiveCfg = Debug|Win32
		{236FD5EB-D669-44A2-9732-DB96C56E7384}.DebugNoEnhInstr|Mixed Platforms.Build.0 = Debug|Win32
		{236FD5EB-D669-44A2-9732-DB96C56E7384}.DebugNoEnhInstr|Win32.ActiveCfg = Debug|Win32
		{236FD5EB-D669-44A2-9732-DB96C56E7384}.DebugNoEnhInstr|Win32.Build.0 = Debug|Win32
		{236FD5EB-D669-44A2-9732-DB96C56E7384}.DebugNoEnhInstr|x64.ActiveCfg = Debug|x64
		{236FD5EB-D669-44A2-9732-DB96C56E7384}.DebugNoEnhInstr|x64.Build.0 = Debug|x64
		{236FD5EB-D669-44A2-9732-DB96C56E7384}.Release|Any CPU.ActiveCfg = Release|Win32
		{236FD5EB-D669-44A2-9732-DB96C56E7384}.Release|ARM.ActiveCfg = Release|ARM
		{236FD5EB-D669-44A2-9732-DB96C56E7384}.Release|ARM.Build.0 = Release|ARM
		{236FD5EB-D669-44A2-9732-DB96C56E7384}.Release|Mixed Platforms.ActiveCfg = Release|Win32
		{236FD5EB-D669-44A2-9732-DB96C56E7384}.Release|Mixed Platforms.Build.0 = Release|Win32
		{236FD5EB-D669-44A2-9732-DB96C56E7384}.Release|Win32.ActiveCfg = Release|Win32
		{236FD5EB-D669-44A2-9732-DB96C56E7384}.Release|Win32.Build.0 = Release|Win32
		{236FD5EB-D669-44A2-9732-DB96C56E7384}.Release|x64.ActiveCfg = Release|x64
		{236FD5EB-D669-44A2-9732-DB96C56E7384}.Release|x64.Build.0 = Release|x64
		{236FD5EB-D669-44A2-9732-DB96C56E7384}.ReleaseNoEnhInstr|Any CPU.ActiveCfg = Release|Win32
		{236FD5EB-D669-44A2-9732-DB96C56E7384}.ReleaseNoEnhInstr|ARM.ActiveCfg = Release|ARM
		{236FD5EB-D669-44A2-9732-DB96C56E7384}.ReleaseNoEnhInstr|ARM.Build.0 = Release|ARM
		{236FD5EB-D669-44A2-9732-DB96C56E7384}.ReleaseNoEnhInstr|Mixed Platforms.ActiveCfg = Release|Win32
		{236FD5EB-D669-44A2-9732-DB96C56E7384}.ReleaseNoEnhInstr|Mixed Platforms.Build.0 = Release|Win32
		{236FD5EB-D669-44A2-9732-DB96C56E7384}.ReleaseNoEnhInstr|Win32.ActiveCfg = Release|Win32
		{236FD5EB-D669-44A2-9732-DB96C56E7384}.ReleaseNoEnhInstr|Win32.Build.0 = Release|Win32
		{236FD5EB-D669-44A2-9732-DB96C56E7384}.ReleaseNoEnhInstr|x64.ActiveCfg = Release|x64
		{236FD5EB-D669-44A2-9732-DB96C56E7384}.ReleaseNoEnhInstr|x64.Build.0 = Release|x64
		{BF9147A2-5254-447B-80A2-2DB387E3CFB4}.Debug|Any CPU.ActiveCfg = Debug|Win32
		{BF9147A2-5254-447B-80A2-2DB387E3CFB4}.Debug|ARM.ActiveCfg = Debug|Win32
		{BF9147A2-5254-447B-80A2-2DB387E3CFB4}.Debug|Mixed Platforms.ActiveCfg = Debug|Win32
		{BF9147A2-5254-447B-80A2-2DB387E3CFB4}.Debug|Mixed Platforms.Build.0 = Debug|Win32
		{BF9147A2-5254-447B-80A2-2DB387E3CFB4}.Debug|Win32.ActiveCfg = Debug|Win32
		{BF9147A2-5254-447B-80A2-2DB387E3CFB4}.Debug|Win32.Build.0 = Debug|Win32
		{BF9147A2-5254-447B-80A2-2DB387E3CFB4}.Debug|x64.ActiveCfg = Debug|Win32
		{BF9147A2-5254-447B-80A2-2DB387E3CFB4}.DebugNoEnhInstr|Any CPU.ActiveCfg = Debug|Win32
		{BF9147A2-5254-447B-80A2-2DB387E3CFB4}.DebugNoEnhInstr|ARM.ActiveCfg = Debug|Win32
		{BF9147A2-5254-447B-80A2-2DB387E3CFB4}.DebugNoEnhInstr|Mixed Platforms.ActiveCfg = Debug|Win32
		{BF9147A2-5254-447B-80A2-2DB387E3CFB4}.DebugNoEnhInstr|Mixed Platforms.Build.0 = Debug|Win32
		{BF9147A2-5254-447B-80A2-2DB387E3CFB4}.DebugNoEnhInstr|Win32.ActiveCfg = Debug|Win32
		{BF9147A2-5254-447B-80A2-2DB387E3CFB4}.DebugNoEnhInstr|Win32.Build.0 = Debug|Win32
		{BF9147A2-5254-447B-80A2-2DB387E3CFB4}.DebugNoEnhInstr|x64.ActiveCfg = Debug|Win32
		{BF9147A2-5254-447B-80A2-2DB387E3CFB4}.Release|Any CPU.ActiveCfg = Release|Win32
		{BF9147A2-5254-447B-80A2-2DB387E3CFB4}.Release|ARM.ActiveCfg = Release|Win32
		{BF9147A2-5254-447B-80A2-2DB387E3CFB4}.Release|Mixed Platforms.ActiveCfg = Release|Win32
		{BF9147A2-5254-447B-80A2-2DB387E3CFB4}.Release|Mixed Platforms.Build.0 = Release|Win32
		{BF9147A2-5254-447B-80A2-2DB387E3CFB4}.Release|Win32.ActiveCfg = Release|Win32
		{BF9147A2-5254-447B-80A2-2DB387E3CFB4}.Release|Win32.Build.0 = Release|Win32
		{BF9147A2-5254-447B-80A2-2DB387E3CFB4}.Release|x64.ActiveCfg = Release|Win32
		{BF9147A2-5254-447B-80A2-2DB387E3CFB4}.ReleaseNoEnhInstr|Any CPU.ActiveCfg = Release|Win32
		{BF9147A2-5254-447B-80A2-2DB387E3CFB4}.ReleaseNoEnhInstr|ARM.ActiveCfg = Release|Win32
		{BF9147A2-5254-447B-80A2-2DB387E3CFB4}.ReleaseNoEnhInstr|Mixed Platforms.ActiveCfg = Release|Win32
		{BF9147A2-5254-447B-80A2-2DB387E3CFB4}.ReleaseNoEnhInstr|Mixed Platforms.Build.0 = Release|Win32
		{BF9147A2-5254-447B-80A2-2DB387E3CFB4}.ReleaseNoEnhInstr|Win32.ActiveCfg = Release|Win32
		{BF9147A2-5254-447B-80A2-2DB387E3CFB4}.ReleaseNoEnhInstr|Win32.Build.0 = Release|Win32
		{BF9147A2-5254-447B-80A2-2DB387E3CFB4}.ReleaseNoEnhInstr|x64.ActiveCfg = Release|Win32
		{9408DA4C-C34E-4161-9049-FEC3D9490800}.Debug|Any CPU.ActiveCfg = Debug|Win32
		{9408DA4C-C34E-4161-9049-FEC3D9490800}.Debug|ARM.ActiveCfg = Debug|Win32
		{9408DA4C-C34E-4161-9049-FEC3D9490800}.Debug|Mixed Platforms.ActiveCfg = Debug|Win32
		{9408DA4C-C34E-4161-9049-FEC3D9490800}.Debug|Mixed Platforms.Build.0 = Debug|Win32
		{9408DA4C-C34E-4161-9049-FEC3D9490800}.Debug|Win32.ActiveCfg = Debug|Win32
		{9408DA4C-C34E-4161-9049-FEC3D9490800}.Debug|Win32.Build.0 = Debug|Win32
		{9408DA4C-C34E-4161-9049-FEC3D9490800}.Debug|x64.ActiveCfg = Debug|x64
		{9408DA4C-C34E-4161-9049-FEC3D9490800}.Debug|x64.Build.0 = Debug|x64
		{9408DA4C-C34E-4161-9049-FEC3D9490800}.DebugNoEnhInstr|Any CPU.ActiveCfg = Debug|Win32
		{9408DA4C-C34E-4161-9049-FEC3D9490800}.DebugNoEnhInstr|ARM.ActiveCfg = Debug|Win32
		{9408DA4C-C34E-4161-9049-FEC3D9490800}.DebugNoEnhInstr|Mixed Platforms.ActiveCfg = Debug|Win32
		{9408DA4C-C34E-4161-9049-FEC3D9490800}.DebugNoEnhInstr|Mixed Platforms.Build.0 = Debug|Win32
		{9408DA4C-C34E-4161-9049-FEC3D9490800}.DebugNoEnhInstr|Win32.ActiveCfg = Debug|Win32
		{9408DA4C-C34E-4161-9049-FEC3D9490800}.DebugNoEnhInstr|Win32.Build.0 = Debug|Win32
		{9408DA4C-C34E-4161-9049-FEC3D9490800}.DebugNoEnhInstr|x64.ActiveCfg = Debug|x64
		{9408DA4C-C34E-4161-9049-FEC3D9490800}.DebugNoEnhInstr|x64.Build.0 = Debug|x64
		{9408DA4C-C34E-4161-9049-FEC3D9490800}.Release|Any CPU.ActiveCfg = Release|Win32
		{9408DA4C-C34E-4161-9049-FEC3D9490800}.Release|ARM.ActiveCfg = Release|Win32
		{9408DA4C-C34E-4161-9049-FEC3D9490800}.Release|Mixed Platforms.ActiveCfg = Release|Win32
		{9408DA4C-C34E-4161-9049-FEC3D9490800}.Release|Mixed Platforms.Build.0 = Release|Win32
		{9408DA4C-C34E-4161-9049-FEC3D9490800}.Release|Win32.ActiveCfg = Release|Win32
		{9408DA4C-C34E-4161-9049-FEC3D9490800}.Release|Win32.Build.0 = Release|Win32
		{9408DA4C-C34E-4161-9049-FEC3D9490800}.Release|x64.ActiveCfg = Release|x64
		{9408DA4C-C34E-4161-9049-FEC3D9490800}.Release|x64.Build.0 = Release|x64
		{9408DA4C-C34E-4161-9049-FEC3D9490800}.ReleaseNoEnhInstr|Any CPU.ActiveCfg = Release|Win32
		{9408DA4C-C34E-4161-9049-FEC3D9490800}.ReleaseNoEnhInstr|ARM.ActiveCfg = Release|Win32
		{9408DA4C-C34E-4161-9049-FEC3D9490800}.ReleaseNoEnhInstr|Mixed Platforms.ActiveCfg = Release|Win32
		{9408DA4C-C34E-4161-9049-FEC3D9490800}.ReleaseNoEnhInstr|Mixed Platforms.Build.0 = Release|Win32
		{9408DA4C-C34E-4161-9049-FEC3D9490800}.ReleaseNoEnhInstr|Win32.ActiveCfg = Release|Win32
		{9408DA4C-C34E-4161-9049-FEC3D9490800}.ReleaseNoEnhInstr|Win32.Build.0 = Release|Win32
		{9408DA4C-C34E-4161-9049-FEC3D9490800}.ReleaseNoEnhInstr|x64.ActiveCfg = Release|x64
		{9408DA4C-C34E-4161-9049-FEC3D9490800}.ReleaseNoEnhInstr|x64.Build.0 = Release|x64
		{F1D87385-389B-42A0-B9D2-F0C06D817CF8}.Debug|Any CPU.ActiveCfg = Debug|Win32
		{F1D87385-389B-42A0-B9D2-F0C06D817CF8}.Debug|ARM.ActiveCfg = Debug|Win32
		{F1D87385-389B-42A0-B9D2-F0C06D817CF8}.Debug|Mixed Platforms.ActiveCfg = Debug|Win32
		{F1D87385-389B-42A0-B9D2-F0C06D817CF8}.Debug|Mixed Platforms.Build.0 = Debug|Win32
		{F1D87385-389B-42A0-B9D2-F0C06D817CF8}.Debug|Win32.ActiveCfg = Debug|Win32
		{F1D87385-389B-42A0-B9D2-F0C06D817CF8}.Debug|Win32.Build.0 = Debug|Win32
		{F1D87385-389B-42A0-B9D2-F0C06D817CF8}.Debug|x64.ActiveCfg = Debug|x64
		{F1D87385-389B-42A0-B9D2-F0C06D817CF8}.Debug|x64.Build.0 = Debug|x64
		{F1D87385-389B-42A0-B9D2-F0C06D817CF8}.DebugNoEnhInstr|Any CPU.ActiveCfg = Debug|Win32
		{F1D87385-389B-42A0-B9D2-F0C06D817CF8}.DebugNoEnhInstr|ARM.ActiveCfg = Debug|Win32
		{F1D87385-389B-42A0-B9D2-F0C06D817CF8}.DebugNoEnhInstr|Mixed Platforms.ActiveCfg = Debug|Win32
		{F1D87385-389B-42A0-B9D2-F0C06D817CF8}.DebugNoEnhInstr|Mixed Platforms.Build.0 = Debug|Win32
		{F1D87385-389B-42A0-B9D2-F0C06D817CF8}.DebugNoEnhInstr|Win32.ActiveCfg = Debug|Win32
		{F1D87385-389B-42A0-B9D2-F0C06D817CF8}.DebugNoEnhInstr|Win32.Build.0 = Debug|Win32
		{F1D87385-389B-42A0-B9D2-F0C06D817CF8}.DebugNoEnhInstr|x64.ActiveCfg = Debug|x64
		{F1D87385-389B-42A0-B9D2-F0C06D817CF8}.DebugNoEnhInstr|x64.Build.0 = Debug|x64
		{F1D87385-389B-42A0-B9D2-F0C06D817CF8}.Release|Any CPU.ActiveCfg = Release|Win32
		{F1D87385-389B-42A0-B9D2-F0C06D817CF8}.Release|ARM.ActiveCfg = Release|Win32
		{F1D87385-389B-42A0-B9D2-F0C06D817CF8}.Release|Mixed Platforms.ActiveCfg = Release|Win32
		{F1D87385-389B-42A0-B9D2-F0C06D817CF8}.Release|Mixed Platforms.Build.0 = Release|Win32
		{F1D87385-389B-42A0-B9D2-F0C06D817CF8}.Release|Win32.ActiveCfg = Release|Win32
		{F1D87385-389B-42A0-B9D2-F0C06D817CF8}.Release|Win32.Build.0 = Release|Win32
		{F1D87385-389B-42A0-B9D2-F0C06D817CF8}.Release|x64.ActiveCfg = Release|x64
		{F1D87385-389B-42A0-B9D2-F0C06D817CF8}.Release|x64.Build.0 = Release|x64
		{F1D87385-389B-42A0-B9D2-F0C06D817CF8}.ReleaseNoEnhInstr|Any CPU.ActiveCfg = Release|Win32
		{F1D87385-389B-42A0-B9D2-F0C06D817CF8}.ReleaseNoEnhInstr|ARM.ActiveCfg = Release|Win32
		{F1D87385-389B-42A0-B9D2-F0C06D817CF8}.ReleaseNoEnhInstr|Mixed Platforms.ActiveCfg = Release|Win32
		{F1D87385-389B-42A0-B9D2-F0C06D817CF8}.ReleaseNoEnhInstr|Mixed Platforms.Build.0 = Release|Win32
		{F1D87385-389B-42A0-B9D2-F0C06D817CF8}.ReleaseNoEnhInstr|Win32.ActiveCfg = Release|Win32
		{F1D87385-389B-42A0-B9D2-F0C06D817CF8}.ReleaseNoEnhInstr|Win32.Build.0 = Release|Win32
		{F1D87385-389B-42A0-B9D2-F0C06D817CF8}.ReleaseNoEnhInstr|x64.ActiveCfg = Release|x64
		{F1D87385-389B-42A0-B9D2-F0C06D817CF8}.ReleaseNoEnhInstr|x64.Build.0 = Release|x64
		{4DD54279-34F8-437A-91F2-FF84B529ABD5}.Debug|Any CPU.ActiveCfg = Debug|Win32
		{4DD54279-34F8-437A-91F2-FF84B529ABD5}.Debug|ARM.ActiveCfg = Debug|Win32
		{4DD54279-34F8-437A-91F2-FF84B529ABD5}.Debug|Mixed Platforms.ActiveCfg = Debug|Win32
		{4DD54279-34F8-437A-91F2-FF84B529ABD5}.Debug|Mixed Platforms.Build.0 = Debug|Win32
		{4DD54279-34F8-437A-91F2-FF84B529ABD5}.Debug|Win32.ActiveCfg = Debug|Win32
		{4DD54279-34F8-437A-91F2-FF84B529ABD5}.Debug|Win32.Build.0 = Debug|Win32
		{4DD54279-34F8-437A-91F2-FF84B529ABD5}.Debug|x64.ActiveCfg = Debug|x64
		{4DD54279-34F8-437A-91F2-FF84B529ABD5}.Debug|x64.Build.0 = Debug|x64
		{4DD54279-34F8-437A-91F2-FF84B529ABD5}.DebugNoEnhInstr|Any CPU.ActiveCfg = Debug|Win32
		{4DD54279-34F8-437A-91F2-FF84B529ABD5}.DebugNoEnhInstr|ARM.ActiveCfg = Debug|Win32
		{4DD54279-34F8-437A-91F2-FF84B529ABD5}.DebugNoEnhInstr|Mixed Platforms.ActiveCfg = Debug|Win32
		{4DD54279-34F8-437A-91F2-FF84B529ABD5}.DebugNoEnhInstr|Mixed Platforms.Build.0 = Debug|Win32
		{4DD54279-34F8-437A-91F2-FF84B529ABD5}.DebugNoEnhInstr|Win32.ActiveCfg = Debug|Win32
		{4DD54279-34F8-437A-91F2-FF84B529ABD5}.DebugNoEnhInstr|Win32.Build.0 = Debug|Win32
		{4DD54279-34F8-437A-91F2-FF84B529ABD5}.DebugNoEnhInstr|x64.ActiveCfg = Debug|x64
		{4DD54279-34F8-437A-91F2-FF84B529ABD5}.DebugNoEnhInstr|x64.Build.0 = Debug|x64
		{4DD54279-34F8-437A-91F2-FF84B529ABD5}.Release|Any CPU.ActiveCfg = Release|Win32
		{4DD54279-34F8-437A-91F2-FF84B529ABD5}.Release|ARM.ActiveCfg = Release|Win32
		{4DD54279-34F8-437A-91F2-FF84B529ABD5}.Release|Mixed Platforms.ActiveCfg = Release|Win32
		{4DD54279-34F8-437A-91F2-FF84B529ABD5}.Release|Mixed Platforms.Build.0 = Release|Win32
		{4DD54279-34F8-437A-91F2-FF84B529ABD5}.Release|Win32.ActiveCfg = Release|Win32
		{4DD54279-34F8-437A-91F2-FF84B529ABD5}.Release|Win32.Build.0 = Release|Win32
		{4DD54279-34F8-437A-91F2-FF84B529ABD5}.Release|x64.ActiveCfg = Release|x64
		{4DD54279-34F8-437A-91F2-FF84B529ABD5}.Release|x64.Build.0 = Release|x64
		{4DD54279-34F8-437A-91F2-FF84B529ABD5}.ReleaseNoEnhInstr|Any CPU.ActiveCfg = Release|Win32
		{4DD54279-34F8-437A-91F2-FF84B529ABD5}.ReleaseNoEnhInstr|ARM.ActiveCfg = Release|Win32
		{4DD54279-34F8-437A-91F2-FF84B529ABD5}.ReleaseNoEnhInstr|Mixed Platforms.ActiveCfg = Release|Win32
		{4DD54279-34F8-437A-91F2-FF84B529ABD5}.ReleaseNoEnhInstr|Mixed Platforms.Build.0 = Release|Win32
		{4DD54279-34F8-437A-91F2-FF84B529ABD5}.ReleaseNoEnhInstr|Win32.ActiveCfg = Release|Win32
		{4DD54279-34F8-437A-91F2-FF84B529ABD5}.ReleaseNoEnhInstr|Win32.Build.0 = Release|Win32
		{4DD54279-34F8-437A-91F2-FF84B529ABD5}.ReleaseNoEnhInstr|x64.ActiveCfg = Release|x64
		{4DD54279-34F8-437A-91F2-FF84B529ABD5}.ReleaseNoEnhInstr|x64.Build.0 = Release|x64
		{53D12D47-7F69-47C5-A45B-5DF5424955D7}.Debug|Any CPU.ActiveCfg = Debug|Any CPU
		{53D12D47-7F69-47C5-A45B-5DF5424955D7}.Debug|Any CPU.Build.0 = Debug|Any CPU
		{53D12D47-7F69-47C5-A45B-5DF5424955D7}.Debug|ARM.ActiveCfg = Debug|Any CPU
		{53D12D47-7F69-47C5-A45B-5DF5424955D7}.Debug|Mixed Platforms.ActiveCfg = Debug|Any CPU
		{53D12D47-7F69-47C5-A45B-5DF5424955D7}.Debug|Mixed Platforms.Build.0 = Debug|Any CPU
		{53D12D47-7F69-47C5-A45B-5DF5424955D7}.Debug|Win32.ActiveCfg = Debug|Any CPU
		{53D12D47-7F69-47C5-A45B-5DF5424955D7}.Debug|x64.ActiveCfg = Debug|x64
		{53D12D47-7F69-47C5-A45B-5DF5424955D7}.DebugNoEnhInstr|Any CPU.ActiveCfg = Debug|Any CPU
		{53D12D47-7F69-47C5-A45B-5DF5424955D7}.DebugNoEnhInstr|Any CPU.Build.0 = Debug|Any CPU
		{53D12D47-7F69-47C5-A45B-5DF5424955D7}.DebugNoEnhInstr|ARM.ActiveCfg = Debug|Any CPU
		{53D12D47-7F69-47C5-A45B-5DF5424955D7}.DebugNoEnhInstr|Mixed Platforms.ActiveCfg = Debug|Any CPU
		{53D12D47-7F69-47C5-A45B-5DF5424955D7}.DebugNoEnhInstr|Mixed Platforms.Build.0 = Debug|Any CPU
		{53D12D47-7F69-47C5-A45B-5DF5424955D7}.DebugNoEnhInstr|Win32.ActiveCfg = Debug|Any CPU
		{53D12D47-7F69-47C5-A45B-5DF5424955D7}.DebugNoEnhInstr|x64.ActiveCfg = Debug|x64
		{53D12D47-7F69-47C5-A45B-5DF5424955D7}.DebugNoEnhInstr|x64.Build.0 = Debug|x64
		{53D12D47-7F69-47C5-A45B-5DF5424955D7}.Release|Any CPU.ActiveCfg = Release|Any CPU
		{53D12D47-7F69-47C5-A45B-5DF5424955D7}.Release|Any CPU.Build.0 = Release|Any CPU
		{53D12D47-7F69-47C5-A45B-5DF5424955D7}.Release|ARM.ActiveCfg = Release|Any CPU
		{53D12D47-7F69-47C5-A45B-5DF5424955D7}.Release|Mixed Platforms.ActiveCfg = Release|Any CPU
		{53D12D47-7F69-47C5-A45B-5DF5424955D7}.Release|Mixed Platforms.Build.0 = Release|Any CPU
		{53D12D47-7F69-47C5-A45B-5DF5424955D7}.Release|Win32.ActiveCfg = Release|Any CPU
		{53D12D47-7F69-47C5-A45B-5DF5424955D7}.Release|x64.ActiveCfg = Release|x64
		{53D12D47-7F69-47C5-A45B-5DF5424955D7}.ReleaseNoEnhInstr|Any CPU.ActiveCfg = Release|Any CPU
		{53D12D47-7F69-47C5-A45B-5DF5424955D7}.ReleaseNoEnhInstr|Any CPU.Build.0 = Release|Any CPU
		{53D12D47-7F69-47C5-A45B-5DF5424955D7}.ReleaseNoEnhInstr|ARM.ActiveCfg = Release|Any CPU
		{53D12D47-7F69-47C5-A45B-5DF5424955D7}.ReleaseNoEnhInstr|Mixed Platforms.ActiveCfg = Release|Any CPU
		{53D12D47-7F69-47C5-A45B-5DF5424955D7}.ReleaseNoEnhInstr|Mixed Platforms.Build.0 = Release|Any CPU
		{53D12D47-7F69-47C5-A45B-5DF5424955D7}.ReleaseNoEnhInstr|Win32.ActiveCfg = Release|Any CPU
		{53D12D47-7F69-47C5-A45B-5DF5424955D7}.ReleaseNoEnhInstr|x64.ActiveCfg = Release|x64
		{53D12D47-7F69-47C5-A45B-5DF5424955D7}.ReleaseNoEnhInstr|x64.Build.0 = Release|x64
		{C31439B0-82A8-4093-B2A0-D43350B68B27}.Debug|Any CPU.ActiveCfg = Debug|Win32
		{C31439B0-82A8-4093-B2A0-D43350B68B27}.Debug|ARM.ActiveCfg = Debug|Win32
		{C31439B0-82A8-4093-B2A0-D43350B68B27}.Debug|Mixed Platforms.ActiveCfg = Debug|Win32
		{C31439B0-82A8-4093-B2A0-D43350B68B27}.Debug|Mixed Platforms.Build.0 = Debug|Win32
		{C31439B0-82A8-4093-B2A0-D43350B68B27}.Debug|Win32.ActiveCfg = Debug|Win32
		{C31439B0-82A8-4093-B2A0-D43350B68B27}.Debug|Win32.Build.0 = Debug|Win32
		{C31439B0-82A8-4093-B2A0-D43350B68B27}.Debug|x64.ActiveCfg = Debug|x64
		{C31439B0-82A8-4093-B2A0-D43350B68B27}.Debug|x64.Build.0 = Debug|x64
		{C31439B0-82A8-4093-B2A0-D43350B68B27}.DebugNoEnhInstr|Any CPU.ActiveCfg = Debug|Win32
		{C31439B0-82A8-4093-B2A0-D43350B68B27}.DebugNoEnhInstr|ARM.ActiveCfg = Debug|Win32
		{C31439B0-82A8-4093-B2A0-D43350B68B27}.DebugNoEnhInstr|Mixed Platforms.ActiveCfg = Debug|Win32
		{C31439B0-82A8-4093-B2A0-D43350B68B27}.DebugNoEnhInstr|Mixed Platforms.Build.0 = Debug|Win32
		{C31439B0-82A8-4093-B2A0-D43350B68B27}.DebugNoEnhInstr|Win32.ActiveCfg = Debug|Win32
		{C31439B0-82A8-4093-B2A0-D43350B68B27}.DebugNoEnhInstr|Win32.Build.0 = Debug|Win32
		{C31439B0-82A8-4093-B2A0-D43350B68B27}.DebugNoEnhInstr|x64.ActiveCfg = Debug|x64
		{C31439B0-82A8-4093-B2A0-D43350B68B27}.DebugNoEnhInstr|x64.Build.0 = Debug|x64
		{C31439B0-82A8-4093-B2A0-D43350B68B27}.Release|Any CPU.ActiveCfg = Release|Win32
		{C31439B0-82A8-4093-B2A0-D43350B68B27}.Release|ARM.ActiveCfg = Release|Win32
		{C31439B0-82A8-4093-B2A0-D43350B68B27}.Release|Mixed Platforms.ActiveCfg = Release|Win32
		{C31439B0-82A8-4093-B2A0-D43350B68B27}.Release|Mixed Platforms.Build.0 = Release|Win32
		{C31439B0-82A8-4093-B2A0-D43350B68B27}.Release|Win32.ActiveCfg = Release|Win32
		{C31439B0-82A8-4093-B2A0-D43350B68B27}.Release|Win32.Build.0 = Release|Win32
		{C31439B0-82A8-4093-B2A0-D43350B68B27}.Release|x64.ActiveCfg = Release|x64
		{C31439B0-82A8-4093-B2A0-D43350B68B27}.Release|x64.Build.0 = Release|x64
		{C31439B0-82A8-4093-B2A0-D43350B68B27}.ReleaseNoEnhInstr|Any CPU.ActiveCfg = Release|Win32
		{C31439B0-82A8-4093-B2A0-D43350B68B27}.ReleaseNoEnhInstr|ARM.ActiveCfg = Release|Win32
		{C31439B0-82A8-4093-B2A0-D43350B68B27}.ReleaseNoEnhInstr|Mixed Platforms.ActiveCfg = Release|Win32
		{C31439B0-82A8-4093-B2A0-D43350B68B27}.ReleaseNoEnhInstr|Mixed Platforms.Build.0 = Release|Win32
		{C31439B0-82A8-4093-B2A0-D43350B68B27}.ReleaseNoEnhInstr|Win32.ActiveCfg = Release|Win32
		{C31439B0-82A8-4093-B2A0-D43350B68B27}.ReleaseNoEnhInstr|Win32.Build.0 = Release|Win32
		{C31439B0-82A8-4093-B2A0-D43350B68B27}.ReleaseNoEnhInstr|x64.ActiveCfg = Release|x64
		{C31439B0-82A8-4093-B2A0-D43350B68B27}.ReleaseNoEnhInstr|x64.Build.0 = Release|x64
	EndGlobalSection
	GlobalSection(SolutionProperties) = preSolution
		HideSolutionNode = FALSE
	EndGlobalSection
	GlobalSection(NestedProjects) = preSolution
		{4EDB5156-C20F-4F95-8CE4-F48D3399D6E3} = {CBD46751-8170-4AD7-9D25-2C52EACFCAFA}
		{8339AFBC-AF56-40A6-8E4A-A58E948958E4} = {CBD46751-8170-4AD7-9D25-2C52EACFCAFA}
		{236FD5EB-D669-44A2-9732-DB96C56E7384} = {802A44A3-2DAC-477A-BB11-AF1BCB149872}
		{BF9147A2-5254-447B-80A2-2DB387E3CFB4} = {CBD46751-8170-4AD7-9D25-2C52EACFCAFA}
		{9408DA4C-C34E-4161-9049-FEC3D9490800} = {CBD46751-8170-4AD7-9D25-2C52EACFCAFA}
		{F1D87385-389B-42A0-B9D2-F0C06D817CF8} = {CBD46751-8170-4AD7-9D25-2C52EACFCAFA}
		{4DD54279-34F8-437A-91F2-FF84B529ABD5} = {CBD46751-8170-4AD7-9D25-2C52EACFCAFA}
		{C31439B0-82A8-4093-B2A0-D43350B68B27} = {CBD46751-8170-4AD7-9D25-2C52EACFCAFA}
	EndGlobalSection
EndGlobal
