
Microsoft Visual Studio Solution File, Format Version 12.00
# Visual Studio 2013
VisualStudioVersion = 12.0.31101.0
MinimumVisualStudioVersion = 10.0.40219.1
Project("{8BC9CEB8-8B4A-11D0-8D11-00A0C91BC942}") = "amqplib", "amqplib\amqplib.vcxproj", "{666A1F7D-0127-4C52-ACEC-16F3DF9E5CE2}"
EndProject
Project("{8BC9CEB8-8B4A-11D0-8D11-00A0C91BC942}") = "send", "samples\send\send.vcxproj", "{7C0E773F-D962-41C0-B545-A24C41D80CC1}"
EndProject
Project("{2150E333-8FDC-42A3-9474-1A3956D46DE8}") = "unittesttools", "unittesttools", "{802A44A3-2DAC-477A-BB11-AF1BCB149872}"
EndProject
Project("{8BC9CEB8-8B4A-11D0-8D11-00A0C91BC942}") = "MicroMock", "Micromock\MicroMock\MicroMock.vcxproj", "{236FD5EB-D669-44A2-9732-DB96C56E7384}"
EndProject
Global
	GlobalSection(SolutionConfigurationPlatforms) = preSolution
		Debug|Win32 = Debug|Win32
		DebugNoEnhInstr|Win32 = DebugNoEnhInstr|Win32
		Release|Win32 = Release|Win32
		ReleaseNoEnhInstr|Win32 = ReleaseNoEnhInstr|Win32
	EndGlobalSection
	GlobalSection(ProjectConfigurationPlatforms) = postSolution
		{666A1F7D-0127-4C52-ACEC-16F3DF9E5CE2}.Debug|Win32.ActiveCfg = Debug|Win32
		{666A1F7D-0127-4C52-ACEC-16F3DF9E5CE2}.Debug|Win32.Build.0 = Debug|Win32
		{666A1F7D-0127-4C52-ACEC-16F3DF9E5CE2}.DebugNoEnhInstr|Win32.ActiveCfg = Debug|Win32
		{666A1F7D-0127-4C52-ACEC-16F3DF9E5CE2}.DebugNoEnhInstr|Win32.Build.0 = Debug|Win32
		{666A1F7D-0127-4C52-ACEC-16F3DF9E5CE2}.Release|Win32.ActiveCfg = Release|Win32
		{666A1F7D-0127-4C52-ACEC-16F3DF9E5CE2}.Release|Win32.Build.0 = Release|Win32
		{666A1F7D-0127-4C52-ACEC-16F3DF9E5CE2}.ReleaseNoEnhInstr|Win32.ActiveCfg = Release|Win32
		{666A1F7D-0127-4C52-ACEC-16F3DF9E5CE2}.ReleaseNoEnhInstr|Win32.Build.0 = Release|Win32
		{7C0E773F-D962-41C0-B545-A24C41D80CC1}.Debug|Win32.ActiveCfg = Debug|Win32
		{7C0E773F-D962-41C0-B545-A24C41D80CC1}.Debug|Win32.Build.0 = Debug|Win32
		{7C0E773F-D962-41C0-B545-A24C41D80CC1}.DebugNoEnhInstr|Win32.ActiveCfg = Debug|Win32
		{7C0E773F-D962-41C0-B545-A24C41D80CC1}.DebugNoEnhInstr|Win32.Build.0 = Debug|Win32
		{7C0E773F-D962-41C0-B545-A24C41D80CC1}.Release|Win32.ActiveCfg = Release|Win32
		{7C0E773F-D962-41C0-B545-A24C41D80CC1}.Release|Win32.Build.0 = Release|Win32
		{7C0E773F-D962-41C0-B545-A24C41D80CC1}.ReleaseNoEnhInstr|Win32.ActiveCfg = Release|Win32
		{7C0E773F-D962-41C0-B545-A24C41D80CC1}.ReleaseNoEnhInstr|Win32.Build.0 = Release|Win32
		{236FD5EB-D669-44A2-9732-DB96C56E7384}.Debug|Win32.ActiveCfg = Debug|Win32
		{236FD5EB-D669-44A2-9732-DB96C56E7384}.Debug|Win32.Build.0 = Debug|Win32
		{236FD5EB-D669-44A2-9732-DB96C56E7384}.DebugNoEnhInstr|Win32.ActiveCfg = DebugNoEnhInstr|Win32
		{236FD5EB-D669-44A2-9732-DB96C56E7384}.DebugNoEnhInstr|Win32.Build.0 = DebugNoEnhInstr|Win32
		{236FD5EB-D669-44A2-9732-DB96C56E7384}.Release|Win32.ActiveCfg = Release|Win32
		{236FD5EB-D669-44A2-9732-DB96C56E7384}.Release|Win32.Build.0 = Release|Win32
		{236FD5EB-D669-44A2-9732-DB96C56E7384}.ReleaseNoEnhInstr|Win32.ActiveCfg = ReleaseNoEnhInstr|Win32
		{236FD5EB-D669-44A2-9732-DB96C56E7384}.ReleaseNoEnhInstr|Win32.Build.0 = ReleaseNoEnhInstr|Win32
	EndGlobalSection
	GlobalSection(SolutionProperties) = preSolution
		HideSolutionNode = FALSE
	EndGlobalSection
	GlobalSection(NestedProjects) = preSolution
		{236FD5EB-D669-44A2-9732-DB96C56E7384} = {802A44A3-2DAC-477A-BB11-AF1BCB149872}
	EndGlobalSection
EndGlobal
