
Microsoft Visual Studio Solution File, Format Version 12.00
# Visual Studio Version 16
VisualStudioVersion = 16.0.31328.270
MinimumVisualStudioVersion = 10.0.40219.1
Project("{2150E333-8FDC-42A3-9474-1A3956D46DE8}") = "Test", "Test", "{07A72A72-7CE5-46AE-B383-F4EA6408AE3C}"
EndProject
Project("{9A19103F-16F7-4668-BE54-9A1E7A4F7556}") = "TestAmqpBroker", "test\TestAmqpBroker\TestAmqpBroker.csproj", "{124A25C1-CFE3-47E5-8B0A-564FBCD6C319}"
EndProject
Project("{2150E333-8FDC-42A3-9474-1A3956D46DE8}") = "build", "build", "{0D7D9775-844A-407D-980A-4E0FA53F1D01}"
	ProjectSection(SolutionItems) = preProject
		build.ps1 = build.ps1
		nuget.config = nuget.config
	EndProjectSection
EndProject
Project("{9A19103F-16F7-4668-BE54-9A1E7A4F7556}") = "Test.Microsoft.Amqp", "test\Test.Microsoft.Amqp\Test.Microsoft.Amqp.csproj", "{683D2AD2-E000-4DE1-AC8E-44A64E420F5B}"
EndProject
Project("{9A19103F-16F7-4668-BE54-9A1E7A4F7556}") = "TestAmqpClient", "test\TestAmqpClient\TestAmqpClient.csproj", "{A08B02A1-4BCE-4DF5-A1E9-1809E9515D87}"
EndProject
Project("{9A19103F-16F7-4668-BE54-9A1E7A4F7556}") = "Microsoft.Azure.Amqp", "src\Microsoft.Azure.Amqp.csproj", "{CF8EEBC7-503A-44A9-88D7-DD9F2D57A401}"
EndProject
Global
	GlobalSection(SolutionConfigurationPlatforms) = preSolution
		Debug|Any CPU = Debug|Any CPU
		Debug|ARM = Debug|ARM
		Debug|x64 = Debug|x64
		Debug|x86 = Debug|x86
		Release|Any CPU = Release|Any CPU
		Release|ARM = Release|ARM
		Release|x64 = Release|x64
		Release|x86 = Release|x86
		Signed|Any CPU = Signed|Any CPU
		Signed|ARM = Signed|ARM
		Signed|x64 = Signed|x64
		Signed|x86 = Signed|x86
	EndGlobalSection
	GlobalSection(ProjectConfigurationPlatforms) = postSolution
		{124A25C1-CFE3-47E5-8B0A-564FBCD6C319}.Debug|Any CPU.ActiveCfg = Debug|Any CPU
		{124A25C1-CFE3-47E5-8B0A-564FBCD6C319}.Debug|Any CPU.Build.0 = Debug|Any CPU
		{124A25C1-CFE3-47E5-8B0A-564FBCD6C319}.Debug|ARM.ActiveCfg = Debug|Any CPU
		{124A25C1-CFE3-47E5-8B0A-564FBCD6C319}.Debug|ARM.Build.0 = Debug|Any CPU
		{124A25C1-CFE3-47E5-8B0A-564FBCD6C319}.Debug|x64.ActiveCfg = Debug|Any CPU
		{124A25C1-CFE3-47E5-8B0A-564FBCD6C319}.Debug|x86.ActiveCfg = Debug|Any CPU
		{124A25C1-CFE3-47E5-8B0A-564FBCD6C319}.Debug|x86.Build.0 = Debug|Any CPU
		{124A25C1-CFE3-47E5-8B0A-564FBCD6C319}.Release|Any CPU.ActiveCfg = Release|Any CPU
		{124A25C1-CFE3-47E5-8B0A-564FBCD6C319}.Release|Any CPU.Build.0 = Release|Any CPU
		{124A25C1-CFE3-47E5-8B0A-564FBCD6C319}.Release|ARM.ActiveCfg = Release|Any CPU
		{124A25C1-CFE3-47E5-8B0A-564FBCD6C319}.Release|ARM.Build.0 = Release|Any CPU
		{124A25C1-CFE3-47E5-8B0A-564FBCD6C319}.Release|x64.ActiveCfg = Release|Any CPU
		{124A25C1-CFE3-47E5-8B0A-564FBCD6C319}.Release|x86.ActiveCfg = Release|Any CPU
		{124A25C1-CFE3-47E5-8B0A-564FBCD6C319}.Release|x86.Build.0 = Release|Any CPU
		{124A25C1-CFE3-47E5-8B0A-564FBCD6C319}.Signed|Any CPU.ActiveCfg = Release|Any CPU
		{124A25C1-CFE3-47E5-8B0A-564FBCD6C319}.Signed|ARM.ActiveCfg = Release|Any CPU
		{124A25C1-CFE3-47E5-8B0A-564FBCD6C319}.Signed|ARM.Build.0 = Release|Any CPU
		{124A25C1-CFE3-47E5-8B0A-564FBCD6C319}.Signed|x64.ActiveCfg = Release|Any CPU
		{124A25C1-CFE3-47E5-8B0A-564FBCD6C319}.Signed|x86.ActiveCfg = Release|Any CPU
		{124A25C1-CFE3-47E5-8B0A-564FBCD6C319}.Signed|x86.Build.0 = Release|Any CPU
		{683D2AD2-E000-4DE1-AC8E-44A64E420F5B}.Debug|Any CPU.ActiveCfg = Debug|Any CPU
		{683D2AD2-E000-4DE1-AC8E-44A64E420F5B}.Debug|Any CPU.Build.0 = Debug|Any CPU
		{683D2AD2-E000-4DE1-AC8E-44A64E420F5B}.Debug|ARM.ActiveCfg = Debug|Any CPU
		{683D2AD2-E000-4DE1-AC8E-44A64E420F5B}.Debug|ARM.Build.0 = Debug|Any CPU
		{683D2AD2-E000-4DE1-AC8E-44A64E420F5B}.Debug|x64.ActiveCfg = Debug|Any CPU
		{683D2AD2-E000-4DE1-AC8E-44A64E420F5B}.Debug|x64.Build.0 = Debug|Any CPU
		{683D2AD2-E000-4DE1-AC8E-44A64E420F5B}.Debug|x86.ActiveCfg = Debug|Any CPU
		{683D2AD2-E000-4DE1-AC8E-44A64E420F5B}.Debug|x86.Build.0 = Debug|Any CPU
		{683D2AD2-E000-4DE1-AC8E-44A64E420F5B}.Release|Any CPU.ActiveCfg = Release|Any CPU
		{683D2AD2-E000-4DE1-AC8E-44A64E420F5B}.Release|Any CPU.Build.0 = Release|Any CPU
		{683D2AD2-E000-4DE1-AC8E-44A64E420F5B}.Release|ARM.ActiveCfg = Release|Any CPU
		{683D2AD2-E000-4DE1-AC8E-44A64E420F5B}.Release|ARM.Build.0 = Release|Any CPU
		{683D2AD2-E000-4DE1-AC8E-44A64E420F5B}.Release|x64.ActiveCfg = Release|Any CPU
		{683D2AD2-E000-4DE1-AC8E-44A64E420F5B}.Release|x64.Build.0 = Release|Any CPU
		{683D2AD2-E000-4DE1-AC8E-44A64E420F5B}.Release|x86.ActiveCfg = Release|Any CPU
		{683D2AD2-E000-4DE1-AC8E-44A64E420F5B}.Release|x86.Build.0 = Release|Any CPU
		{683D2AD2-E000-4DE1-AC8E-44A64E420F5B}.Signed|Any CPU.ActiveCfg = Release|Any CPU
		{683D2AD2-E000-4DE1-AC8E-44A64E420F5B}.Signed|Any CPU.Build.0 = Release|Any CPU
		{683D2AD2-E000-4DE1-AC8E-44A64E420F5B}.Signed|ARM.ActiveCfg = Debug|Any CPU
		{683D2AD2-E000-4DE1-AC8E-44A64E420F5B}.Signed|ARM.Build.0 = Debug|Any CPU
		{683D2AD2-E000-4DE1-AC8E-44A64E420F5B}.Signed|x64.ActiveCfg = Debug|Any CPU
		{683D2AD2-E000-4DE1-AC8E-44A64E420F5B}.Signed|x64.Build.0 = Debug|Any CPU
		{683D2AD2-E000-4DE1-AC8E-44A64E420F5B}.Signed|x86.ActiveCfg = Debug|Any CPU
		{683D2AD2-E000-4DE1-AC8E-44A64E420F5B}.Signed|x86.Build.0 = Debug|Any CPU
		{A08B02A1-4BCE-4DF5-A1E9-1809E9515D87}.Debug|Any CPU.ActiveCfg = Debug|Any CPU
		{A08B02A1-4BCE-4DF5-A1E9-1809E9515D87}.Debug|Any CPU.Build.0 = Debug|Any CPU
		{A08B02A1-4BCE-4DF5-A1E9-1809E9515D87}.Debug|ARM.ActiveCfg = Debug|Any CPU
		{A08B02A1-4BCE-4DF5-A1E9-1809E9515D87}.Debug|ARM.Build.0 = Debug|Any CPU
		{A08B02A1-4BCE-4DF5-A1E9-1809E9515D87}.Debug|x64.ActiveCfg = Debug|Any CPU
		{A08B02A1-4BCE-4DF5-A1E9-1809E9515D87}.Debug|x64.Build.0 = Debug|Any CPU
		{A08B02A1-4BCE-4DF5-A1E9-1809E9515D87}.Debug|x86.ActiveCfg = Debug|Any CPU
		{A08B02A1-4BCE-4DF5-A1E9-1809E9515D87}.Debug|x86.Build.0 = Debug|Any CPU
		{A08B02A1-4BCE-4DF5-A1E9-1809E9515D87}.Release|Any CPU.ActiveCfg = Release|Any CPU
		{A08B02A1-4BCE-4DF5-A1E9-1809E9515D87}.Release|Any CPU.Build.0 = Release|Any CPU
		{A08B02A1-4BCE-4DF5-A1E9-1809E9515D87}.Release|ARM.ActiveCfg = Release|Any CPU
		{A08B02A1-4BCE-4DF5-A1E9-1809E9515D87}.Release|ARM.Build.0 = Release|Any CPU
		{A08B02A1-4BCE-4DF5-A1E9-1809E9515D87}.Release|x64.ActiveCfg = Release|Any CPU
		{A08B02A1-4BCE-4DF5-A1E9-1809E9515D87}.Release|x64.Build.0 = Release|Any CPU
		{A08B02A1-4BCE-4DF5-A1E9-1809E9515D87}.Release|x86.ActiveCfg = Release|Any CPU
		{A08B02A1-4BCE-4DF5-A1E9-1809E9515D87}.Release|x86.Build.0 = Release|Any CPU
		{A08B02A1-4BCE-4DF5-A1E9-1809E9515D87}.Signed|Any CPU.ActiveCfg = Release|Any CPU
		{A08B02A1-4BCE-4DF5-A1E9-1809E9515D87}.Signed|Any CPU.Build.0 = Release|Any CPU
		{A08B02A1-4BCE-4DF5-A1E9-1809E9515D87}.Signed|ARM.ActiveCfg = Debug|Any CPU
		{A08B02A1-4BCE-4DF5-A1E9-1809E9515D87}.Signed|ARM.Build.0 = Debug|Any CPU
		{A08B02A1-4BCE-4DF5-A1E9-1809E9515D87}.Signed|x64.ActiveCfg = Debug|Any CPU
		{A08B02A1-4BCE-4DF5-A1E9-1809E9515D87}.Signed|x64.Build.0 = Debug|Any CPU
		{A08B02A1-4BCE-4DF5-A1E9-1809E9515D87}.Signed|x86.ActiveCfg = Debug|Any CPU
		{A08B02A1-4BCE-4DF5-A1E9-1809E9515D87}.Signed|x86.Build.0 = Debug|Any CPU
		{CF8EEBC7-503A-44A9-88D7-DD9F2D57A401}.Debug|Any CPU.ActiveCfg = Debug|Any CPU
		{CF8EEBC7-503A-44A9-88D7-DD9F2D57A401}.Debug|Any CPU.Build.0 = Debug|Any CPU
		{CF8EEBC7-503A-44A9-88D7-DD9F2D57A401}.Debug|ARM.ActiveCfg = Debug|Any CPU
		{CF8EEBC7-503A-44A9-88D7-DD9F2D57A401}.Debug|ARM.Build.0 = Debug|Any CPU
		{CF8EEBC7-503A-44A9-88D7-DD9F2D57A401}.Debug|x64.ActiveCfg = Debug|Any CPU
		{CF8EEBC7-503A-44A9-88D7-DD9F2D57A401}.Debug|x64.Build.0 = Debug|Any CPU
		{CF8EEBC7-503A-44A9-88D7-DD9F2D57A401}.Debug|x86.ActiveCfg = Debug|Any CPU
		{CF8EEBC7-503A-44A9-88D7-DD9F2D57A401}.Debug|x86.Build.0 = Debug|Any CPU
		{CF8EEBC7-503A-44A9-88D7-DD9F2D57A401}.Release|Any CPU.ActiveCfg = Release|Any CPU
		{CF8EEBC7-503A-44A9-88D7-DD9F2D57A401}.Release|Any CPU.Build.0 = Release|Any CPU
		{CF8EEBC7-503A-44A9-88D7-DD9F2D57A401}.Release|ARM.ActiveCfg = Release|Any CPU
		{CF8EEBC7-503A-44A9-88D7-DD9F2D57A401}.Release|ARM.Build.0 = Release|Any CPU
		{CF8EEBC7-503A-44A9-88D7-DD9F2D57A401}.Release|x64.ActiveCfg = Release|Any CPU
		{CF8EEBC7-503A-44A9-88D7-DD9F2D57A401}.Release|x64.Build.0 = Release|Any CPU
		{CF8EEBC7-503A-44A9-88D7-DD9F2D57A401}.Release|x86.ActiveCfg = Release|Any CPU
		{CF8EEBC7-503A-44A9-88D7-DD9F2D57A401}.Release|x86.Build.0 = Release|Any CPU
		{CF8EEBC7-503A-44A9-88D7-DD9F2D57A401}.Signed|Any CPU.ActiveCfg = Signed|Any CPU
		{CF8EEBC7-503A-44A9-88D7-DD9F2D57A401}.Signed|Any CPU.Build.0 = Signed|Any CPU
		{CF8EEBC7-503A-44A9-88D7-DD9F2D57A401}.Signed|ARM.ActiveCfg = Signed|Any CPU
		{CF8EEBC7-503A-44A9-88D7-DD9F2D57A401}.Signed|ARM.Build.0 = Signed|Any CPU
		{CF8EEBC7-503A-44A9-88D7-DD9F2D57A401}.Signed|x64.ActiveCfg = Signed|Any CPU
		{CF8EEBC7-503A-44A9-88D7-DD9F2D57A401}.Signed|x64.Build.0 = Signed|Any CPU
		{CF8EEBC7-503A-44A9-88D7-DD9F2D57A401}.Signed|x86.ActiveCfg = Signed|Any CPU
		{CF8EEBC7-503A-44A9-88D7-DD9F2D57A401}.Signed|x86.Build.0 = Signed|Any CPU
	EndGlobalSection
	GlobalSection(SolutionProperties) = preSolution
		HideSolutionNode = FALSE
	EndGlobalSection
	GlobalSection(NestedProjects) = preSolution
		{124A25C1-CFE3-47E5-8B0A-564FBCD6C319} = {07A72A72-7CE5-46AE-B383-F4EA6408AE3C}
		{683D2AD2-E000-4DE1-AC8E-44A64E420F5B} = {07A72A72-7CE5-46AE-B383-F4EA6408AE3C}
		{A08B02A1-4BCE-4DF5-A1E9-1809E9515D87} = {07A72A72-7CE5-46AE-B383-F4EA6408AE3C}
	EndGlobalSection
	GlobalSection(ExtensibilityGlobals) = postSolution
		EnterpriseLibraryConfigurationToolBinariesPathV6 = packages\EnterpriseLibrary.TransientFaultHandling.6.0.1304.0\lib\portable-net45+win+wp8;packages\EnterpriseLibrary.TransientFaultHandling.WindowsAzure.Storage.6.0.1304.1\lib\NET45;packages\EnterpriseLibrary.TransientFaultHandling.Data.6.0.1304.1\lib\NET45
		EnterpriseLibraryConfigurationToolBinariesPath = packages\TransientFaultHandling.Core.5.1.1209.1\lib\NET4
		SolutionGuid = {5982C678-B29E-487B-9B3E-7F547EC1222D}
	EndGlobalSection
EndGlobal
