
Microsoft Visual Studio Solution File, Format Version 12.00
# Visual Studio 2013
VisualStudioVersion = 12.0.31101.0
MinimumVisualStudioVersion = 10.0.40219.1
Project("{8BC9CEB8-8B4A-11D0-8D11-00A0C91BC942}") = "amqplib", "amqplib\amqplib.vcxproj", "{666A1F7D-0127-4C52-ACEC-16F3DF9E5CE2}"
EndProject
Project("{8BC9CEB8-8B4A-11D0-8D11-00A0C91BC942}") = "send", "samples\send\send.vcxproj", "{7C0E773F-D962-41C0-B545-A24C41D80CC1}"
EndProject
Project("{2150E333-8FDC-42A3-9474-1A3956D46DE8}") = "testtools", "testtools", "{802A44A3-2DAC-477A-BB11-AF1BCB149872}"
EndProject
Project("{2150E333-8FDC-42A3-9474-1A3956D46DE8}") = "unittests", "unittests", "{CBD46751-8170-4AD7-9D25-2C52EACFCAFA}"
EndProject
Project("{8BC9CEB8-8B4A-11D0-8D11-00A0C91BC942}") = "amqpvalue_unittests", "unittests\amqpvalue_unittests\amqpvalue_unittests.vcxproj", "{4EDB5156-C20F-4F95-8CE4-F48D3399D6E3}"
EndProject
Project("{8BC9CEB8-8B4A-11D0-8D11-00A0C91BC942}") = "list_unittests", "unittests\list_unittests\list_unittests.vcxproj", "{8339AFBC-AF56-40A6-8E4A-A58E948958E4}"
EndProject
Project("{8BC9CEB8-8B4A-11D0-8D11-00A0C91BC942}") = "micromock", "testtools\micromock\build\windows\micromock.vcxproj", "{236FD5EB-D669-44A2-9732-DB96C56E7384}"
EndProject
Project("{2150E333-8FDC-42A3-9474-1A3956D46DE8}") = "requirement_docs", "requirement_docs", "{CB86A156-5911-409B-83C6-7227794000CA}"
	ProjectSection(SolutionItems) = preProject
		doc\amqpvalue_requirements.docm = doc\amqpvalue_requirements.docm
		doc\list_requirements.docm = doc\list_requirements.docm
	EndProjectSection
EndProject
Global
	GlobalSection(SolutionConfigurationPlatforms) = preSolution
		Debug|Any CPU = Debug|Any CPU
		Debug|ARM = Debug|ARM
		Debug|Mixed Platforms = Debug|Mixed Platforms
		Debug|Win32 = Debug|Win32
		DebugNoEnhInstr|Any CPU = DebugNoEnhInstr|Any CPU
		DebugNoEnhInstr|ARM = DebugNoEnhInstr|ARM
		DebugNoEnhInstr|Mixed Platforms = DebugNoEnhInstr|Mixed Platforms
		DebugNoEnhInstr|Win32 = DebugNoEnhInstr|Win32
		Release|Any CPU = Release|Any CPU
		Release|ARM = Release|ARM
		Release|Mixed Platforms = Release|Mixed Platforms
		Release|Win32 = Release|Win32
		ReleaseNoEnhInstr|Any CPU = ReleaseNoEnhInstr|Any CPU
		ReleaseNoEnhInstr|ARM = ReleaseNoEnhInstr|ARM
		ReleaseNoEnhInstr|Mixed Platforms = ReleaseNoEnhInstr|Mixed Platforms
		ReleaseNoEnhInstr|Win32 = ReleaseNoEnhInstr|Win32
	EndGlobalSection
	GlobalSection(ProjectConfigurationPlatforms) = postSolution
		{666A1F7D-0127-4C52-ACEC-16F3DF9E5CE2}.Debug|Any CPU.ActiveCfg = Debug|Win32
		{666A1F7D-0127-4C52-ACEC-16F3DF9E5CE2}.Debug|ARM.ActiveCfg = Debug|Win32
		{666A1F7D-0127-4C52-ACEC-16F3DF9E5CE2}.Debug|Mixed Platforms.ActiveCfg = Debug|Win32
		{666A1F7D-0127-4C52-ACEC-16F3DF9E5CE2}.Debug|Mixed Platforms.Build.0 = Debug|Win32
		{666A1F7D-0127-4C52-ACEC-16F3DF9E5CE2}.Debug|Win32.ActiveCfg = Debug|Win32
		{666A1F7D-0127-4C52-ACEC-16F3DF9E5CE2}.Debug|Win32.Build.0 = Debug|Win32
		{666A1F7D-0127-4C52-ACEC-16F3DF9E5CE2}.DebugNoEnhInstr|Any CPU.ActiveCfg = Debug|Win32
		{666A1F7D-0127-4C52-ACEC-16F3DF9E5CE2}.DebugNoEnhInstr|ARM.ActiveCfg = Debug|Win32
		{666A1F7D-0127-4C52-ACEC-16F3DF9E5CE2}.DebugNoEnhInstr|Mixed Platforms.ActiveCfg = Debug|Win32
		{666A1F7D-0127-4C52-ACEC-16F3DF9E5CE2}.DebugNoEnhInstr|Mixed Platforms.Build.0 = Debug|Win32
		{666A1F7D-0127-4C52-ACEC-16F3DF9E5CE2}.DebugNoEnhInstr|Win32.ActiveCfg = Debug|Win32
		{666A1F7D-0127-4C52-ACEC-16F3DF9E5CE2}.DebugNoEnhInstr|Win32.Build.0 = Debug|Win32
		{666A1F7D-0127-4C52-ACEC-16F3DF9E5CE2}.Release|Any CPU.ActiveCfg = Release|Win32
		{666A1F7D-0127-4C52-ACEC-16F3DF9E5CE2}.Release|ARM.ActiveCfg = Release|Win32
		{666A1F7D-0127-4C52-ACEC-16F3DF9E5CE2}.Release|Mixed Platforms.ActiveCfg = Release|Win32
		{666A1F7D-0127-4C52-ACEC-16F3DF9E5CE2}.Release|Mixed Platforms.Build.0 = Release|Win32
		{666A1F7D-0127-4C52-ACEC-16F3DF9E5CE2}.Release|Win32.ActiveCfg = Release|Win32
		{666A1F7D-0127-4C52-ACEC-16F3DF9E5CE2}.Release|Win32.Build.0 = Release|Win32
		{666A1F7D-0127-4C52-ACEC-16F3DF9E5CE2}.ReleaseNoEnhInstr|Any CPU.ActiveCfg = Release|Win32
		{666A1F7D-0127-4C52-ACEC-16F3DF9E5CE2}.ReleaseNoEnhInstr|ARM.ActiveCfg = Release|Win32
		{666A1F7D-0127-4C52-ACEC-16F3DF9E5CE2}.ReleaseNoEnhInstr|Mixed Platforms.ActiveCfg = Release|Win32
		{666A1F7D-0127-4C52-ACEC-16F3DF9E5CE2}.ReleaseNoEnhInstr|Mixed Platforms.Build.0 = Release|Win32
		{666A1F7D-0127-4C52-ACEC-16F3DF9E5CE2}.ReleaseNoEnhInstr|Win32.ActiveCfg = Release|Win32
		{666A1F7D-0127-4C52-ACEC-16F3DF9E5CE2}.ReleaseNoEnhInstr|Win32.Build.0 = Release|Win32
		{7C0E773F-D962-41C0-B545-A24C41D80CC1}.Debug|Any CPU.ActiveCfg = Debug|Win32
		{7C0E773F-D962-41C0-B545-A24C41D80CC1}.Debug|ARM.ActiveCfg = Debug|Win32
		{7C0E773F-D962-41C0-B545-A24C41D80CC1}.Debug|Mixed Platforms.ActiveCfg = Debug|Win32
		{7C0E773F-D962-41C0-B545-A24C41D80CC1}.Debug|Mixed Platforms.Build.0 = Debug|Win32
		{7C0E773F-D962-41C0-B545-A24C41D80CC1}.Debug|Win32.ActiveCfg = Debug|Win32
		{7C0E773F-D962-41C0-B545-A24C41D80CC1}.Debug|Win32.Build.0 = Debug|Win32
		{7C0E773F-D962-41C0-B545-A24C41D80CC1}.DebugNoEnhInstr|Any CPU.ActiveCfg = Debug|Win32
		{7C0E773F-D962-41C0-B545-A24C41D80CC1}.DebugNoEnhInstr|ARM.ActiveCfg = Debug|Win32
		{7C0E773F-D962-41C0-B545-A24C41D80CC1}.DebugNoEnhInstr|Mixed Platforms.ActiveCfg = Debug|Win32
		{7C0E773F-D962-41C0-B545-A24C41D80CC1}.DebugNoEnhInstr|Mixed Platforms.Build.0 = Debug|Win32
		{7C0E773F-D962-41C0-B545-A24C41D80CC1}.DebugNoEnhInstr|Win32.ActiveCfg = Debug|Win32
		{7C0E773F-D962-41C0-B545-A24C41D80CC1}.DebugNoEnhInstr|Win32.Build.0 = Debug|Win32
		{7C0E773F-D962-41C0-B545-A24C41D80CC1}.Release|Any CPU.ActiveCfg = Release|Win32
		{7C0E773F-D962-41C0-B545-A24C41D80CC1}.Release|ARM.ActiveCfg = Release|Win32
		{7C0E773F-D962-41C0-B545-A24C41D80CC1}.Release|Mixed Platforms.ActiveCfg = Release|Win32
		{7C0E773F-D962-41C0-B545-A24C41D80CC1}.Release|Mixed Platforms.Build.0 = Release|Win32
		{7C0E773F-D962-41C0-B545-A24C41D80CC1}.Release|Win32.ActiveCfg = Release|Win32
		{7C0E773F-D962-41C0-B545-A24C41D80CC1}.Release|Win32.Build.0 = Release|Win32
		{7C0E773F-D962-41C0-B545-A24C41D80CC1}.ReleaseNoEnhInstr|Any CPU.ActiveCfg = Release|Win32
		{7C0E773F-D962-41C0-B545-A24C41D80CC1}.ReleaseNoEnhInstr|ARM.ActiveCfg = Release|Win32
		{7C0E773F-D962-41C0-B545-A24C41D80CC1}.ReleaseNoEnhInstr|Mixed Platforms.ActiveCfg = Release|Win32
		{7C0E773F-D962-41C0-B545-A24C41D80CC1}.ReleaseNoEnhInstr|Mixed Platforms.Build.0 = Release|Win32
		{7C0E773F-D962-41C0-B545-A24C41D80CC1}.ReleaseNoEnhInstr|Win32.ActiveCfg = Release|Win32
		{7C0E773F-D962-41C0-B545-A24C41D80CC1}.ReleaseNoEnhInstr|Win32.Build.0 = Release|Win32
		{4EDB5156-C20F-4F95-8CE4-F48D3399D6E3}.Debug|Any CPU.ActiveCfg = Debug|Win32
		{4EDB5156-C20F-4F95-8CE4-F48D3399D6E3}.Debug|ARM.ActiveCfg = Debug|Win32
		{4EDB5156-C20F-4F95-8CE4-F48D3399D6E3}.Debug|Mixed Platforms.ActiveCfg = Debug|Win32
		{4EDB5156-C20F-4F95-8CE4-F48D3399D6E3}.Debug|Mixed Platforms.Build.0 = Debug|Win32
		{4EDB5156-C20F-4F95-8CE4-F48D3399D6E3}.Debug|Win32.ActiveCfg = Debug|Win32
		{4EDB5156-C20F-4F95-8CE4-F48D3399D6E3}.Debug|Win32.Build.0 = Debug|Win32
		{4EDB5156-C20F-4F95-8CE4-F48D3399D6E3}.DebugNoEnhInstr|Any CPU.ActiveCfg = Debug|Win32
		{4EDB5156-C20F-4F95-8CE4-F48D3399D6E3}.DebugNoEnhInstr|ARM.ActiveCfg = Debug|Win32
		{4EDB5156-C20F-4F95-8CE4-F48D3399D6E3}.DebugNoEnhInstr|Mixed Platforms.ActiveCfg = Debug|Win32
		{4EDB5156-C20F-4F95-8CE4-F48D3399D6E3}.DebugNoEnhInstr|Mixed Platforms.Build.0 = Debug|Win32
		{4EDB5156-C20F-4F95-8CE4-F48D3399D6E3}.DebugNoEnhInstr|Win32.ActiveCfg = Debug|Win32
		{4EDB5156-C20F-4F95-8CE4-F48D3399D6E3}.DebugNoEnhInstr|Win32.Build.0 = Debug|Win32
		{4EDB5156-C20F-4F95-8CE4-F48D3399D6E3}.Release|Any CPU.ActiveCfg = Release|Win32
		{4EDB5156-C20F-4F95-8CE4-F48D3399D6E3}.Release|ARM.ActiveCfg = Release|Win32
		{4EDB5156-C20F-4F95-8CE4-F48D3399D6E3}.Release|Mixed Platforms.ActiveCfg = Release|Win32
		{4EDB5156-C20F-4F95-8CE4-F48D3399D6E3}.Release|Mixed Platforms.Build.0 = Release|Win32
		{4EDB5156-C20F-4F95-8CE4-F48D3399D6E3}.Release|Win32.ActiveCfg = Release|Win32
		{4EDB5156-C20F-4F95-8CE4-F48D3399D6E3}.Release|Win32.Build.0 = Release|Win32
		{4EDB5156-C20F-4F95-8CE4-F48D3399D6E3}.ReleaseNoEnhInstr|Any CPU.ActiveCfg = Release|Win32
		{4EDB5156-C20F-4F95-8CE4-F48D3399D6E3}.ReleaseNoEnhInstr|ARM.ActiveCfg = Release|Win32
		{4EDB5156-C20F-4F95-8CE4-F48D3399D6E3}.ReleaseNoEnhInstr|Mixed Platforms.ActiveCfg = Release|Win32
		{4EDB5156-C20F-4F95-8CE4-F48D3399D6E3}.ReleaseNoEnhInstr|Mixed Platforms.Build.0 = Release|Win32
		{4EDB5156-C20F-4F95-8CE4-F48D3399D6E3}.ReleaseNoEnhInstr|Win32.ActiveCfg = Release|Win32
		{4EDB5156-C20F-4F95-8CE4-F48D3399D6E3}.ReleaseNoEnhInstr|Win32.Build.0 = Release|Win32
		{8339AFBC-AF56-40A6-8E4A-A58E948958E4}.Debug|Any CPU.ActiveCfg = Debug|Win32
		{8339AFBC-AF56-40A6-8E4A-A58E948958E4}.Debug|ARM.ActiveCfg = Debug|Win32
		{8339AFBC-AF56-40A6-8E4A-A58E948958E4}.Debug|Mixed Platforms.ActiveCfg = Debug|Win32
		{8339AFBC-AF56-40A6-8E4A-A58E948958E4}.Debug|Mixed Platforms.Build.0 = Debug|Win32
		{8339AFBC-AF56-40A6-8E4A-A58E948958E4}.Debug|Win32.ActiveCfg = Debug|Win32
		{8339AFBC-AF56-40A6-8E4A-A58E948958E4}.Debug|Win32.Build.0 = Debug|Win32
		{8339AFBC-AF56-40A6-8E4A-A58E948958E4}.DebugNoEnhInstr|Any CPU.ActiveCfg = Debug|Win32
		{8339AFBC-AF56-40A6-8E4A-A58E948958E4}.DebugNoEnhInstr|ARM.ActiveCfg = Debug|Win32
		{8339AFBC-AF56-40A6-8E4A-A58E948958E4}.DebugNoEnhInstr|Mixed Platforms.ActiveCfg = Debug|Win32
		{8339AFBC-AF56-40A6-8E4A-A58E948958E4}.DebugNoEnhInstr|Mixed Platforms.Build.0 = Debug|Win32
		{8339AFBC-AF56-40A6-8E4A-A58E948958E4}.DebugNoEnhInstr|Win32.ActiveCfg = Debug|Win32
		{8339AFBC-AF56-40A6-8E4A-A58E948958E4}.DebugNoEnhInstr|Win32.Build.0 = Debug|Win32
		{8339AFBC-AF56-40A6-8E4A-A58E948958E4}.Release|Any CPU.ActiveCfg = Release|Win32
		{8339AFBC-AF56-40A6-8E4A-A58E948958E4}.Release|ARM.ActiveCfg = Release|Win32
		{8339AFBC-AF56-40A6-8E4A-A58E948958E4}.Release|Mixed Platforms.ActiveCfg = Release|Win32
		{8339AFBC-AF56-40A6-8E4A-A58E948958E4}.Release|Mixed Platforms.Build.0 = Release|Win32
		{8339AFBC-AF56-40A6-8E4A-A58E948958E4}.Release|Win32.ActiveCfg = Release|Win32
		{8339AFBC-AF56-40A6-8E4A-A58E948958E4}.Release|Win32.Build.0 = Release|Win32
		{8339AFBC-AF56-40A6-8E4A-A58E948958E4}.ReleaseNoEnhInstr|Any CPU.ActiveCfg = Release|Win32
		{8339AFBC-AF56-40A6-8E4A-A58E948958E4}.ReleaseNoEnhInstr|ARM.ActiveCfg = Release|Win32
		{8339AFBC-AF56-40A6-8E4A-A58E948958E4}.ReleaseNoEnhInstr|Mixed Platforms.ActiveCfg = Release|Win32
		{8339AFBC-AF56-40A6-8E4A-A58E948958E4}.ReleaseNoEnhInstr|Mixed Platforms.Build.0 = Release|Win32
		{8339AFBC-AF56-40A6-8E4A-A58E948958E4}.ReleaseNoEnhInstr|Win32.ActiveCfg = Release|Win32
		{8339AFBC-AF56-40A6-8E4A-A58E948958E4}.ReleaseNoEnhInstr|Win32.Build.0 = Release|Win32
		{236FD5EB-D669-44A2-9732-DB96C56E7384}.Debug|Any CPU.ActiveCfg = Debug|Win32
		{236FD5EB-D669-44A2-9732-DB96C56E7384}.Debug|ARM.ActiveCfg = Debug|ARM
		{236FD5EB-D669-44A2-9732-DB96C56E7384}.Debug|ARM.Build.0 = Debug|ARM
		{236FD5EB-D669-44A2-9732-DB96C56E7384}.Debug|Mixed Platforms.ActiveCfg = Debug|Win32
		{236FD5EB-D669-44A2-9732-DB96C56E7384}.Debug|Mixed Platforms.Build.0 = Debug|Win32
		{236FD5EB-D669-44A2-9732-DB96C56E7384}.Debug|Win32.ActiveCfg = Debug|Win32
		{236FD5EB-D669-44A2-9732-DB96C56E7384}.Debug|Win32.Build.0 = Debug|Win32
		{236FD5EB-D669-44A2-9732-DB96C56E7384}.DebugNoEnhInstr|Any CPU.ActiveCfg = Debug|Win32
		{236FD5EB-D669-44A2-9732-DB96C56E7384}.DebugNoEnhInstr|ARM.ActiveCfg = Debug|ARM
		{236FD5EB-D669-44A2-9732-DB96C56E7384}.DebugNoEnhInstr|ARM.Build.0 = Debug|ARM
		{236FD5EB-D669-44A2-9732-DB96C56E7384}.DebugNoEnhInstr|Mixed Platforms.ActiveCfg = Debug|Win32
		{236FD5EB-D669-44A2-9732-DB96C56E7384}.DebugNoEnhInstr|Mixed Platforms.Build.0 = Debug|Win32
		{236FD5EB-D669-44A2-9732-DB96C56E7384}.DebugNoEnhInstr|Win32.ActiveCfg = Debug|Win32
		{236FD5EB-D669-44A2-9732-DB96C56E7384}.DebugNoEnhInstr|Win32.Build.0 = Debug|Win32
		{236FD5EB-D669-44A2-9732-DB96C56E7384}.Release|Any CPU.ActiveCfg = Release|Win32
		{236FD5EB-D669-44A2-9732-DB96C56E7384}.Release|ARM.ActiveCfg = Release|ARM
		{236FD5EB-D669-44A2-9732-DB96C56E7384}.Release|ARM.Build.0 = Release|ARM
		{236FD5EB-D669-44A2-9732-DB96C56E7384}.Release|Mixed Platforms.ActiveCfg = Release|Win32
		{236FD5EB-D669-44A2-9732-DB96C56E7384}.Release|Mixed Platforms.Build.0 = Release|Win32
		{236FD5EB-D669-44A2-9732-DB96C56E7384}.Release|Win32.ActiveCfg = Release|Win32
		{236FD5EB-D669-44A2-9732-DB96C56E7384}.Release|Win32.Build.0 = Release|Win32
		{236FD5EB-D669-44A2-9732-DB96C56E7384}.ReleaseNoEnhInstr|Any CPU.ActiveCfg = Release|Win32
		{236FD5EB-D669-44A2-9732-DB96C56E7384}.ReleaseNoEnhInstr|ARM.ActiveCfg = Release|ARM
		{236FD5EB-D669-44A2-9732-DB96C56E7384}.ReleaseNoEnhInstr|ARM.Build.0 = Release|ARM
		{236FD5EB-D669-44A2-9732-DB96C56E7384}.ReleaseNoEnhInstr|Mixed Platforms.ActiveCfg = Release|Win32
		{236FD5EB-D669-44A2-9732-DB96C56E7384}.ReleaseNoEnhInstr|Mixed Platforms.Build.0 = Release|Win32
		{236FD5EB-D669-44A2-9732-DB96C56E7384}.ReleaseNoEnhInstr|Win32.ActiveCfg = Release|Win32
		{236FD5EB-D669-44A2-9732-DB96C56E7384}.ReleaseNoEnhInstr|Win32.Build.0 = Release|Win32
	EndGlobalSection
	GlobalSection(SolutionProperties) = preSolution
		HideSolutionNode = FALSE
	EndGlobalSection
	GlobalSection(NestedProjects) = preSolution
		{4EDB5156-C20F-4F95-8CE4-F48D3399D6E3} = {CBD46751-8170-4AD7-9D25-2C52EACFCAFA}
		{8339AFBC-AF56-40A6-8E4A-A58E948958E4} = {CBD46751-8170-4AD7-9D25-2C52EACFCAFA}
		{236FD5EB-D669-44A2-9732-DB96C56E7384} = {802A44A3-2DAC-477A-BB11-AF1BCB149872}
	EndGlobalSection
EndGlobal
