
Microsoft Visual Studio Solution File, Format Version 12.00
# Visual Studio 15
VisualStudioVersion = 15.0.26730.3
MinimumVisualStudioVersion = 10.0.40219.1
Project("{2150E333-8FDC-42A3-9474-1A3956D46DE8}") = "Test", "Test", "{07A72A72-7CE5-46AE-B383-F4EA6408AE3C}"
EndProject
Project("{FAE04EC0-301F-11D3-BF4B-00C04F79EFBC}") = "TestAmqpBroker", "test\TestAmqpBroker\TestAmqpBroker.csproj", "{124A25C1-CFE3-47E5-8B0A-564FBCD6C319}"
	ProjectSection(ProjectDependencies) = postProject
		{A0D1C509-8C92-4AA1-983C-00E5254F8AE0} = {A0D1C509-8C92-4AA1-983C-00E5254F8AE0}
	EndProjectSection
EndProject
Project("{FAE04EC0-301F-11D3-BF4B-00C04F79EFBC}") = "Microsoft.Azure.Amqp.Uwp", "Microsoft.Azure.Amqp.Uwp\Microsoft.Azure.Amqp.Uwp.csproj", "{F127EF83-0EDB-45EF-B719-78703B7FC29C}"
EndProject
Project("{9A19103F-16F7-4668-BE54-9A1E7A4F7556}") = "Microsoft.Azure.Amqp", "Microsoft.Azure.Amqp\Microsoft.Azure.Amqp.csproj", "{A0D1C509-8C92-4AA1-983C-00E5254F8AE0}"
EndProject
Project("{FAE04EC0-301F-11D3-BF4B-00C04F79EFBC}") = "Microsoft.Azure.Amqp.Android", "Microsoft.Azure.Amqp.Android\Microsoft.Azure.Amqp.Android.csproj", "{FF8A5540-0569-49C5-B67F-B497E4EC8525}"
EndProject
Project("{FAE04EC0-301F-11D3-BF4B-00C04F79EFBC}") = "Microsoft.Azure.Amqp.PCL", "Microsoft.Azure.Amqp.PCL\Microsoft.Azure.Amqp.PCL.csproj", "{1C41F858-5308-4D12-89F6-DDA0BC0C72C0}"
EndProject
Project("{2150E333-8FDC-42A3-9474-1A3956D46DE8}") = "build", "build", "{0D7D9775-844A-407D-980A-4E0FA53F1D01}"
	ProjectSection(SolutionItems) = preProject
		build\build.cmd = build\build.cmd
		build\make_nuget_package.ps1 = build\make_nuget_package.ps1
		build\Microsoft.Azure.Amqp.nuspec = build\Microsoft.Azure.Amqp.nuspec
	EndProjectSection
EndProject
Project("{9A19103F-16F7-4668-BE54-9A1E7A4F7556}") = "Test.Microsoft.Amqp", "test\Test.Microsoft.Amqp\Test.Microsoft.Amqp.csproj", "{683D2AD2-E000-4DE1-AC8E-44A64E420F5B}"
EndProject
Project("{9A19103F-16F7-4668-BE54-9A1E7A4F7556}") = "TestAmqpClient", "test\TestAmqpClient\TestAmqpClient.csproj", "{A08B02A1-4BCE-4DF5-A1E9-1809E9515D87}"
EndProject
Project("{9A19103F-16F7-4668-BE54-9A1E7A4F7556}") = "Test.Microsoft.Amqp.Core", "test\Test.Microsoft.Amqp.Core\Test.Microsoft.Amqp.Core.csproj", "{EE065F14-D61A-4FF4-ACB3-362CC36B7449}"
EndProject
Project("{FAE04EC0-301F-11D3-BF4B-00C04F79EFBC}") = "Test.Microsoft.Amqp.Uwp", "test\Test.Microsoft.Amqp.Uwp\Test.Microsoft.Amqp.Uwp.csproj", "{F2A0CB73-B9DB-4898-A103-40213F83366D}"
EndProject
Global
	GlobalSection(SolutionConfigurationPlatforms) = preSolution
		Debug|Any CPU = Debug|Any CPU
		Debug|ARM = Debug|ARM
		Debug|x64 = Debug|x64
		Debug|x86 = Debug|x86
		Release|Any CPU = Release|Any CPU
		Release|ARM = Release|ARM
		Release|x64 = Release|x64
		Release|x86 = Release|x86
		Signed|Any CPU = Signed|Any CPU
		Signed|ARM = Signed|ARM
		Signed|x64 = Signed|x64
		Signed|x86 = Signed|x86
	EndGlobalSection
	GlobalSection(ProjectConfigurationPlatforms) = postSolution
		{124A25C1-CFE3-47E5-8B0A-564FBCD6C319}.Debug|Any CPU.ActiveCfg = Debug|Any CPU
		{124A25C1-CFE3-47E5-8B0A-564FBCD6C319}.Debug|Any CPU.Build.0 = Debug|Any CPU
		{124A25C1-CFE3-47E5-8B0A-564FBCD6C319}.Debug|ARM.ActiveCfg = Debug|Any CPU
		{124A25C1-CFE3-47E5-8B0A-564FBCD6C319}.Debug|ARM.Build.0 = Debug|Any CPU
		{124A25C1-CFE3-47E5-8B0A-564FBCD6C319}.Debug|x64.ActiveCfg = Debug|Any CPU
		{124A25C1-CFE3-47E5-8B0A-564FBCD6C319}.Debug|x86.ActiveCfg = Debug|Any CPU
		{124A25C1-CFE3-47E5-8B0A-564FBCD6C319}.Debug|x86.Build.0 = Debug|Any CPU
		{124A25C1-CFE3-47E5-8B0A-564FBCD6C319}.Release|Any CPU.ActiveCfg = Release|Any CPU
		{124A25C1-CFE3-47E5-8B0A-564FBCD6C319}.Release|Any CPU.Build.0 = Release|Any CPU
		{124A25C1-CFE3-47E5-8B0A-564FBCD6C319}.Release|ARM.ActiveCfg = Release|Any CPU
		{124A25C1-CFE3-47E5-8B0A-564FBCD6C319}.Release|ARM.Build.0 = Release|Any CPU
		{124A25C1-CFE3-47E5-8B0A-564FBCD6C319}.Release|x64.ActiveCfg = Release|Any CPU
		{124A25C1-CFE3-47E5-8B0A-564FBCD6C319}.Release|x86.ActiveCfg = Release|Any CPU
		{124A25C1-CFE3-47E5-8B0A-564FBCD6C319}.Release|x86.Build.0 = Release|Any CPU
		{124A25C1-CFE3-47E5-8B0A-564FBCD6C319}.Signed|Any CPU.ActiveCfg = Release|Any CPU
		{124A25C1-CFE3-47E5-8B0A-564FBCD6C319}.Signed|ARM.ActiveCfg = Release|Any CPU
		{124A25C1-CFE3-47E5-8B0A-564FBCD6C319}.Signed|ARM.Build.0 = Release|Any CPU
		{124A25C1-CFE3-47E5-8B0A-564FBCD6C319}.Signed|x64.ActiveCfg = Release|Any CPU
		{124A25C1-CFE3-47E5-8B0A-564FBCD6C319}.Signed|x86.ActiveCfg = Release|Any CPU
		{124A25C1-CFE3-47E5-8B0A-564FBCD6C319}.Signed|x86.Build.0 = Release|Any CPU
		{F127EF83-0EDB-45EF-B719-78703B7FC29C}.Debug|Any CPU.ActiveCfg = Debug|Any CPU
		{F127EF83-0EDB-45EF-B719-78703B7FC29C}.Debug|Any CPU.Build.0 = Debug|Any CPU
		{F127EF83-0EDB-45EF-B719-78703B7FC29C}.Debug|ARM.ActiveCfg = Debug|ARM
		{F127EF83-0EDB-45EF-B719-78703B7FC29C}.Debug|ARM.Build.0 = Debug|ARM
		{F127EF83-0EDB-45EF-B719-78703B7FC29C}.Debug|x64.ActiveCfg = Debug|x64
		{F127EF83-0EDB-45EF-B719-78703B7FC29C}.Debug|x64.Build.0 = Debug|x64
		{F127EF83-0EDB-45EF-B719-78703B7FC29C}.Debug|x86.ActiveCfg = Debug|x86
		{F127EF83-0EDB-45EF-B719-78703B7FC29C}.Debug|x86.Build.0 = Debug|x86
		{F127EF83-0EDB-45EF-B719-78703B7FC29C}.Release|Any CPU.ActiveCfg = Release|Any CPU
		{F127EF83-0EDB-45EF-B719-78703B7FC29C}.Release|Any CPU.Build.0 = Release|Any CPU
		{F127EF83-0EDB-45EF-B719-78703B7FC29C}.Release|ARM.ActiveCfg = Release|ARM
		{F127EF83-0EDB-45EF-B719-78703B7FC29C}.Release|ARM.Build.0 = Release|ARM
		{F127EF83-0EDB-45EF-B719-78703B7FC29C}.Release|x64.ActiveCfg = Release|x64
		{F127EF83-0EDB-45EF-B719-78703B7FC29C}.Release|x64.Build.0 = Release|x64
		{F127EF83-0EDB-45EF-B719-78703B7FC29C}.Release|x86.ActiveCfg = Release|x86
		{F127EF83-0EDB-45EF-B719-78703B7FC29C}.Release|x86.Build.0 = Release|x86
		{F127EF83-0EDB-45EF-B719-78703B7FC29C}.Signed|Any CPU.ActiveCfg = Signed|Any CPU
		{F127EF83-0EDB-45EF-B719-78703B7FC29C}.Signed|Any CPU.Build.0 = Signed|Any CPU
		{F127EF83-0EDB-45EF-B719-78703B7FC29C}.Signed|ARM.ActiveCfg = Release|ARM
		{F127EF83-0EDB-45EF-B719-78703B7FC29C}.Signed|ARM.Build.0 = Release|ARM
		{F127EF83-0EDB-45EF-B719-78703B7FC29C}.Signed|x64.ActiveCfg = Release|x64
		{F127EF83-0EDB-45EF-B719-78703B7FC29C}.Signed|x64.Build.0 = Release|x64
		{F127EF83-0EDB-45EF-B719-78703B7FC29C}.Signed|x86.ActiveCfg = Release|x86
		{F127EF83-0EDB-45EF-B719-78703B7FC29C}.Signed|x86.Build.0 = Release|x86
		{A0D1C509-8C92-4AA1-983C-00E5254F8AE0}.Debug|Any CPU.ActiveCfg = Debug|Any CPU
		{A0D1C509-8C92-4AA1-983C-00E5254F8AE0}.Debug|Any CPU.Build.0 = Debug|Any CPU
		{A0D1C509-8C92-4AA1-983C-00E5254F8AE0}.Debug|ARM.ActiveCfg = Debug|Any CPU
		{A0D1C509-8C92-4AA1-983C-00E5254F8AE0}.Debug|ARM.Build.0 = Debug|Any CPU
		{A0D1C509-8C92-4AA1-983C-00E5254F8AE0}.Debug|x64.ActiveCfg = Debug|Any CPU
		{A0D1C509-8C92-4AA1-983C-00E5254F8AE0}.Debug|x64.Build.0 = Debug|Any CPU
		{A0D1C509-8C92-4AA1-983C-00E5254F8AE0}.Debug|x86.ActiveCfg = Debug|Any CPU
		{A0D1C509-8C92-4AA1-983C-00E5254F8AE0}.Debug|x86.Build.0 = Debug|Any CPU
		{A0D1C509-8C92-4AA1-983C-00E5254F8AE0}.Release|Any CPU.ActiveCfg = Release|Any CPU
		{A0D1C509-8C92-4AA1-983C-00E5254F8AE0}.Release|Any CPU.Build.0 = Release|Any CPU
		{A0D1C509-8C92-4AA1-983C-00E5254F8AE0}.Release|ARM.ActiveCfg = Release|Any CPU
		{A0D1C509-8C92-4AA1-983C-00E5254F8AE0}.Release|ARM.Build.0 = Release|Any CPU
		{A0D1C509-8C92-4AA1-983C-00E5254F8AE0}.Release|x64.ActiveCfg = Release|Any CPU
		{A0D1C509-8C92-4AA1-983C-00E5254F8AE0}.Release|x64.Build.0 = Release|Any CPU
		{A0D1C509-8C92-4AA1-983C-00E5254F8AE0}.Release|x86.ActiveCfg = Release|Any CPU
		{A0D1C509-8C92-4AA1-983C-00E5254F8AE0}.Release|x86.Build.0 = Release|Any CPU
		{A0D1C509-8C92-4AA1-983C-00E5254F8AE0}.Signed|Any CPU.ActiveCfg = Release|Any CPU
		{A0D1C509-8C92-4AA1-983C-00E5254F8AE0}.Signed|Any CPU.Build.0 = Release|Any CPU
		{A0D1C509-8C92-4AA1-983C-00E5254F8AE0}.Signed|ARM.ActiveCfg = Debug|Any CPU
		{A0D1C509-8C92-4AA1-983C-00E5254F8AE0}.Signed|ARM.Build.0 = Debug|Any CPU
		{A0D1C509-8C92-4AA1-983C-00E5254F8AE0}.Signed|x64.ActiveCfg = Debug|Any CPU
		{A0D1C509-8C92-4AA1-983C-00E5254F8AE0}.Signed|x64.Build.0 = Debug|Any CPU
		{A0D1C509-8C92-4AA1-983C-00E5254F8AE0}.Signed|x86.ActiveCfg = Debug|Any CPU
		{A0D1C509-8C92-4AA1-983C-00E5254F8AE0}.Signed|x86.Build.0 = Debug|Any CPU
		{FF8A5540-0569-49C5-B67F-B497E4EC8525}.Debug|Any CPU.ActiveCfg = Debug|Any CPU
		{FF8A5540-0569-49C5-B67F-B497E4EC8525}.Debug|Any CPU.Build.0 = Debug|Any CPU
		{FF8A5540-0569-49C5-B67F-B497E4EC8525}.Debug|ARM.ActiveCfg = Debug|Any CPU
		{FF8A5540-0569-49C5-B67F-B497E4EC8525}.Debug|ARM.Build.0 = Debug|Any CPU
		{FF8A5540-0569-49C5-B67F-B497E4EC8525}.Debug|x64.ActiveCfg = Debug|Any CPU
		{FF8A5540-0569-49C5-B67F-B497E4EC8525}.Debug|x64.Build.0 = Debug|Any CPU
		{FF8A5540-0569-49C5-B67F-B497E4EC8525}.Debug|x86.ActiveCfg = Debug|Any CPU
		{FF8A5540-0569-49C5-B67F-B497E4EC8525}.Debug|x86.Build.0 = Debug|Any CPU
		{FF8A5540-0569-49C5-B67F-B497E4EC8525}.Release|Any CPU.ActiveCfg = Release|Any CPU
		{FF8A5540-0569-49C5-B67F-B497E4EC8525}.Release|Any CPU.Build.0 = Release|Any CPU
		{FF8A5540-0569-49C5-B67F-B497E4EC8525}.Release|ARM.ActiveCfg = Release|Any CPU
		{FF8A5540-0569-49C5-B67F-B497E4EC8525}.Release|ARM.Build.0 = Release|Any CPU
		{FF8A5540-0569-49C5-B67F-B497E4EC8525}.Release|x64.ActiveCfg = Release|Any CPU
		{FF8A5540-0569-49C5-B67F-B497E4EC8525}.Release|x64.Build.0 = Release|Any CPU
		{FF8A5540-0569-49C5-B67F-B497E4EC8525}.Release|x86.ActiveCfg = Release|Any CPU
		{FF8A5540-0569-49C5-B67F-B497E4EC8525}.Release|x86.Build.0 = Release|Any CPU
		{FF8A5540-0569-49C5-B67F-B497E4EC8525}.Signed|Any CPU.ActiveCfg = Signed|Any CPU
		{FF8A5540-0569-49C5-B67F-B497E4EC8525}.Signed|Any CPU.Build.0 = Signed|Any CPU
		{FF8A5540-0569-49C5-B67F-B497E4EC8525}.Signed|ARM.ActiveCfg = Release|Any CPU
		{FF8A5540-0569-49C5-B67F-B497E4EC8525}.Signed|ARM.Build.0 = Release|Any CPU
		{FF8A5540-0569-49C5-B67F-B497E4EC8525}.Signed|x64.ActiveCfg = Release|Any CPU
		{FF8A5540-0569-49C5-B67F-B497E4EC8525}.Signed|x64.Build.0 = Release|Any CPU
		{FF8A5540-0569-49C5-B67F-B497E4EC8525}.Signed|x86.ActiveCfg = Release|Any CPU
		{FF8A5540-0569-49C5-B67F-B497E4EC8525}.Signed|x86.Build.0 = Release|Any CPU
		{1C41F858-5308-4D12-89F6-DDA0BC0C72C0}.Debug|Any CPU.ActiveCfg = Debug|Any CPU
		{1C41F858-5308-4D12-89F6-DDA0BC0C72C0}.Debug|Any CPU.Build.0 = Debug|Any CPU
		{1C41F858-5308-4D12-89F6-DDA0BC0C72C0}.Debug|ARM.ActiveCfg = Debug|Any CPU
		{1C41F858-5308-4D12-89F6-DDA0BC0C72C0}.Debug|ARM.Build.0 = Debug|Any CPU
		{1C41F858-5308-4D12-89F6-DDA0BC0C72C0}.Debug|x64.ActiveCfg = Debug|Any CPU
		{1C41F858-5308-4D12-89F6-DDA0BC0C72C0}.Debug|x64.Build.0 = Debug|Any CPU
		{1C41F858-5308-4D12-89F6-DDA0BC0C72C0}.Debug|x86.ActiveCfg = Debug|Any CPU
		{1C41F858-5308-4D12-89F6-DDA0BC0C72C0}.Debug|x86.Build.0 = Debug|Any CPU
		{1C41F858-5308-4D12-89F6-DDA0BC0C72C0}.Release|Any CPU.ActiveCfg = Release|Any CPU
		{1C41F858-5308-4D12-89F6-DDA0BC0C72C0}.Release|Any CPU.Build.0 = Release|Any CPU
		{1C41F858-5308-4D12-89F6-DDA0BC0C72C0}.Release|ARM.ActiveCfg = Release|Any CPU
		{1C41F858-5308-4D12-89F6-DDA0BC0C72C0}.Release|ARM.Build.0 = Release|Any CPU
		{1C41F858-5308-4D12-89F6-DDA0BC0C72C0}.Release|x64.ActiveCfg = Release|Any CPU
		{1C41F858-5308-4D12-89F6-DDA0BC0C72C0}.Release|x64.Build.0 = Release|Any CPU
		{1C41F858-5308-4D12-89F6-DDA0BC0C72C0}.Release|x86.ActiveCfg = Release|Any CPU
		{1C41F858-5308-4D12-89F6-DDA0BC0C72C0}.Release|x86.Build.0 = Release|Any CPU
		{1C41F858-5308-4D12-89F6-DDA0BC0C72C0}.Signed|Any CPU.ActiveCfg = Signed|Any CPU
		{1C41F858-5308-4D12-89F6-DDA0BC0C72C0}.Signed|Any CPU.Build.0 = Signed|Any CPU
		{1C41F858-5308-4D12-89F6-DDA0BC0C72C0}.Signed|ARM.ActiveCfg = Release|Any CPU
		{1C41F858-5308-4D12-89F6-DDA0BC0C72C0}.Signed|ARM.Build.0 = Release|Any CPU
		{1C41F858-5308-4D12-89F6-DDA0BC0C72C0}.Signed|x64.ActiveCfg = Release|Any CPU
		{1C41F858-5308-4D12-89F6-DDA0BC0C72C0}.Signed|x64.Build.0 = Release|Any CPU
		{1C41F858-5308-4D12-89F6-DDA0BC0C72C0}.Signed|x86.ActiveCfg = Release|Any CPU
		{1C41F858-5308-4D12-89F6-DDA0BC0C72C0}.Signed|x86.Build.0 = Release|Any CPU
		{683D2AD2-E000-4DE1-AC8E-44A64E420F5B}.Debug|Any CPU.ActiveCfg = Debug|Any CPU
		{683D2AD2-E000-4DE1-AC8E-44A64E420F5B}.Debug|Any CPU.Build.0 = Debug|Any CPU
		{683D2AD2-E000-4DE1-AC8E-44A64E420F5B}.Debug|ARM.ActiveCfg = Debug|Any CPU
		{683D2AD2-E000-4DE1-AC8E-44A64E420F5B}.Debug|ARM.Build.0 = Debug|Any CPU
		{683D2AD2-E000-4DE1-AC8E-44A64E420F5B}.Debug|x64.ActiveCfg = Debug|Any CPU
		{683D2AD2-E000-4DE1-AC8E-44A64E420F5B}.Debug|x64.Build.0 = Debug|Any CPU
		{683D2AD2-E000-4DE1-AC8E-44A64E420F5B}.Debug|x86.ActiveCfg = Debug|Any CPU
		{683D2AD2-E000-4DE1-AC8E-44A64E420F5B}.Debug|x86.Build.0 = Debug|Any CPU
		{683D2AD2-E000-4DE1-AC8E-44A64E420F5B}.Release|Any CPU.ActiveCfg = Release|Any CPU
		{683D2AD2-E000-4DE1-AC8E-44A64E420F5B}.Release|Any CPU.Build.0 = Release|Any CPU
		{683D2AD2-E000-4DE1-AC8E-44A64E420F5B}.Release|ARM.ActiveCfg = Release|Any CPU
		{683D2AD2-E000-4DE1-AC8E-44A64E420F5B}.Release|ARM.Build.0 = Release|Any CPU
		{683D2AD2-E000-4DE1-AC8E-44A64E420F5B}.Release|x64.ActiveCfg = Release|Any CPU
		{683D2AD2-E000-4DE1-AC8E-44A64E420F5B}.Release|x64.Build.0 = Release|Any CPU
		{683D2AD2-E000-4DE1-AC8E-44A64E420F5B}.Release|x86.ActiveCfg = Release|Any CPU
		{683D2AD2-E000-4DE1-AC8E-44A64E420F5B}.Release|x86.Build.0 = Release|Any CPU
		{683D2AD2-E000-4DE1-AC8E-44A64E420F5B}.Signed|Any CPU.ActiveCfg = Debug|Any CPU
		{683D2AD2-E000-4DE1-AC8E-44A64E420F5B}.Signed|Any CPU.Build.0 = Debug|Any CPU
		{683D2AD2-E000-4DE1-AC8E-44A64E420F5B}.Signed|ARM.ActiveCfg = Debug|Any CPU
		{683D2AD2-E000-4DE1-AC8E-44A64E420F5B}.Signed|ARM.Build.0 = Debug|Any CPU
		{683D2AD2-E000-4DE1-AC8E-44A64E420F5B}.Signed|x64.ActiveCfg = Debug|Any CPU
		{683D2AD2-E000-4DE1-AC8E-44A64E420F5B}.Signed|x64.Build.0 = Debug|Any CPU
		{683D2AD2-E000-4DE1-AC8E-44A64E420F5B}.Signed|x86.ActiveCfg = Debug|Any CPU
		{683D2AD2-E000-4DE1-AC8E-44A64E420F5B}.Signed|x86.Build.0 = Debug|Any CPU
		{A08B02A1-4BCE-4DF5-A1E9-1809E9515D87}.Debug|Any CPU.ActiveCfg = Debug|Any CPU
		{A08B02A1-4BCE-4DF5-A1E9-1809E9515D87}.Debug|Any CPU.Build.0 = Debug|Any CPU
		{A08B02A1-4BCE-4DF5-A1E9-1809E9515D87}.Debug|ARM.ActiveCfg = Debug|Any CPU
		{A08B02A1-4BCE-4DF5-A1E9-1809E9515D87}.Debug|ARM.Build.0 = Debug|Any CPU
		{A08B02A1-4BCE-4DF5-A1E9-1809E9515D87}.Debug|x64.ActiveCfg = Debug|Any CPU
		{A08B02A1-4BCE-4DF5-A1E9-1809E9515D87}.Debug|x64.Build.0 = Debug|Any CPU
		{A08B02A1-4BCE-4DF5-A1E9-1809E9515D87}.Debug|x86.ActiveCfg = Debug|Any CPU
		{A08B02A1-4BCE-4DF5-A1E9-1809E9515D87}.Debug|x86.Build.0 = Debug|Any CPU
		{A08B02A1-4BCE-4DF5-A1E9-1809E9515D87}.Release|Any CPU.ActiveCfg = Release|Any CPU
		{A08B02A1-4BCE-4DF5-A1E9-1809E9515D87}.Release|Any CPU.Build.0 = Release|Any CPU
		{A08B02A1-4BCE-4DF5-A1E9-1809E9515D87}.Release|ARM.ActiveCfg = Release|Any CPU
		{A08B02A1-4BCE-4DF5-A1E9-1809E9515D87}.Release|ARM.Build.0 = Release|Any CPU
		{A08B02A1-4BCE-4DF5-A1E9-1809E9515D87}.Release|x64.ActiveCfg = Release|Any CPU
		{A08B02A1-4BCE-4DF5-A1E9-1809E9515D87}.Release|x64.Build.0 = Release|Any CPU
		{A08B02A1-4BCE-4DF5-A1E9-1809E9515D87}.Release|x86.ActiveCfg = Release|Any CPU
		{A08B02A1-4BCE-4DF5-A1E9-1809E9515D87}.Release|x86.Build.0 = Release|Any CPU
		{A08B02A1-4BCE-4DF5-A1E9-1809E9515D87}.Signed|Any CPU.ActiveCfg = Debug|Any CPU
		{A08B02A1-4BCE-4DF5-A1E9-1809E9515D87}.Signed|Any CPU.Build.0 = Debug|Any CPU
		{A08B02A1-4BCE-4DF5-A1E9-1809E9515D87}.Signed|ARM.ActiveCfg = Debug|Any CPU
		{A08B02A1-4BCE-4DF5-A1E9-1809E9515D87}.Signed|ARM.Build.0 = Debug|Any CPU
		{A08B02A1-4BCE-4DF5-A1E9-1809E9515D87}.Signed|x64.ActiveCfg = Debug|Any CPU
		{A08B02A1-4BCE-4DF5-A1E9-1809E9515D87}.Signed|x64.Build.0 = Debug|Any CPU
		{A08B02A1-4BCE-4DF5-A1E9-1809E9515D87}.Signed|x86.ActiveCfg = Debug|Any CPU
		{A08B02A1-4BCE-4DF5-A1E9-1809E9515D87}.Signed|x86.Build.0 = Debug|Any CPU
		{EE065F14-D61A-4FF4-ACB3-362CC36B7449}.Debug|Any CPU.ActiveCfg = Debug|Any CPU
		{EE065F14-D61A-4FF4-ACB3-362CC36B7449}.Debug|Any CPU.Build.0 = Debug|Any CPU
		{EE065F14-D61A-4FF4-ACB3-362CC36B7449}.Debug|ARM.ActiveCfg = Debug|Any CPU
		{EE065F14-D61A-4FF4-ACB3-362CC36B7449}.Debug|ARM.Build.0 = Debug|Any CPU
		{EE065F14-D61A-4FF4-ACB3-362CC36B7449}.Debug|x64.ActiveCfg = Debug|Any CPU
		{EE065F14-D61A-4FF4-ACB3-362CC36B7449}.Debug|x64.Build.0 = Debug|Any CPU
		{EE065F14-D61A-4FF4-ACB3-362CC36B7449}.Debug|x86.ActiveCfg = Debug|Any CPU
		{EE065F14-D61A-4FF4-ACB3-362CC36B7449}.Debug|x86.Build.0 = Debug|Any CPU
		{EE065F14-D61A-4FF4-ACB3-362CC36B7449}.Release|Any CPU.ActiveCfg = Release|Any CPU
		{EE065F14-D61A-4FF4-ACB3-362CC36B7449}.Release|Any CPU.Build.0 = Release|Any CPU
		{EE065F14-D61A-4FF4-ACB3-362CC36B7449}.Release|ARM.ActiveCfg = Release|Any CPU
		{EE065F14-D61A-4FF4-ACB3-362CC36B7449}.Release|ARM.Build.0 = Release|Any CPU
		{EE065F14-D61A-4FF4-ACB3-362CC36B7449}.Release|x64.ActiveCfg = Release|Any CPU
		{EE065F14-D61A-4FF4-ACB3-362CC36B7449}.Release|x64.Build.0 = Release|Any CPU
		{EE065F14-D61A-4FF4-ACB3-362CC36B7449}.Release|x86.ActiveCfg = Release|Any CPU
		{EE065F14-D61A-4FF4-ACB3-362CC36B7449}.Release|x86.Build.0 = Release|Any CPU
		{EE065F14-D61A-4FF4-ACB3-362CC36B7449}.Signed|Any CPU.ActiveCfg = Debug|Any CPU
		{EE065F14-D61A-4FF4-ACB3-362CC36B7449}.Signed|Any CPU.Build.0 = Debug|Any CPU
		{EE065F14-D61A-4FF4-ACB3-362CC36B7449}.Signed|ARM.ActiveCfg = Debug|Any CPU
		{EE065F14-D61A-4FF4-ACB3-362CC36B7449}.Signed|ARM.Build.0 = Debug|Any CPU
		{EE065F14-D61A-4FF4-ACB3-362CC36B7449}.Signed|x64.ActiveCfg = Debug|Any CPU
		{EE065F14-D61A-4FF4-ACB3-362CC36B7449}.Signed|x64.Build.0 = Debug|Any CPU
		{EE065F14-D61A-4FF4-ACB3-362CC36B7449}.Signed|x86.ActiveCfg = Debug|Any CPU
		{EE065F14-D61A-4FF4-ACB3-362CC36B7449}.Signed|x86.Build.0 = Debug|Any CPU
		{F2A0CB73-B9DB-4898-A103-40213F83366D}.Debug|Any CPU.ActiveCfg = Debug|x86
		{F2A0CB73-B9DB-4898-A103-40213F83366D}.Debug|ARM.ActiveCfg = Debug|ARM
		{F2A0CB73-B9DB-4898-A103-40213F83366D}.Debug|ARM.Build.0 = Debug|ARM
		{F2A0CB73-B9DB-4898-A103-40213F83366D}.Debug|ARM.Deploy.0 = Debug|ARM
		{F2A0CB73-B9DB-4898-A103-40213F83366D}.Debug|x64.ActiveCfg = Debug|x64
		{F2A0CB73-B9DB-4898-A103-40213F83366D}.Debug|x64.Build.0 = Debug|x64
		{F2A0CB73-B9DB-4898-A103-40213F83366D}.Debug|x64.Deploy.0 = Debug|x64
		{F2A0CB73-B9DB-4898-A103-40213F83366D}.Debug|x86.ActiveCfg = Debug|x86
		{F2A0CB73-B9DB-4898-A103-40213F83366D}.Debug|x86.Build.0 = Debug|x86
		{F2A0CB73-B9DB-4898-A103-40213F83366D}.Debug|x86.Deploy.0 = Debug|x86
		{F2A0CB73-B9DB-4898-A103-40213F83366D}.Release|Any CPU.ActiveCfg = Release|x86
		{F2A0CB73-B9DB-4898-A103-40213F83366D}.Release|ARM.ActiveCfg = Release|ARM
		{F2A0CB73-B9DB-4898-A103-40213F83366D}.Release|ARM.Build.0 = Release|ARM
		{F2A0CB73-B9DB-4898-A103-40213F83366D}.Release|ARM.Deploy.0 = Release|ARM
		{F2A0CB73-B9DB-4898-A103-40213F83366D}.Release|x64.ActiveCfg = Release|x64
		{F2A0CB73-B9DB-4898-A103-40213F83366D}.Release|x64.Build.0 = Release|x64
		{F2A0CB73-B9DB-4898-A103-40213F83366D}.Release|x64.Deploy.0 = Release|x64
		{F2A0CB73-B9DB-4898-A103-40213F83366D}.Release|x86.ActiveCfg = Release|x86
		{F2A0CB73-B9DB-4898-A103-40213F83366D}.Release|x86.Build.0 = Release|x86
		{F2A0CB73-B9DB-4898-A103-40213F83366D}.Release|x86.Deploy.0 = Release|x86
		{F2A0CB73-B9DB-4898-A103-40213F83366D}.Signed|Any CPU.ActiveCfg = Release|x64
		{F2A0CB73-B9DB-4898-A103-40213F83366D}.Signed|Any CPU.Build.0 = Release|x64
		{F2A0CB73-B9DB-4898-A103-40213F83366D}.Signed|Any CPU.Deploy.0 = Release|x64
		{F2A0CB73-B9DB-4898-A103-40213F83366D}.Signed|ARM.ActiveCfg = Release|ARM
		{F2A0CB73-B9DB-4898-A103-40213F83366D}.Signed|ARM.Build.0 = Release|ARM
		{F2A0CB73-B9DB-4898-A103-40213F83366D}.Signed|ARM.Deploy.0 = Release|ARM
		{F2A0CB73-B9DB-4898-A103-40213F83366D}.Signed|x64.ActiveCfg = Release|x64
		{F2A0CB73-B9DB-4898-A103-40213F83366D}.Signed|x64.Build.0 = Release|x64
		{F2A0CB73-B9DB-4898-A103-40213F83366D}.Signed|x64.Deploy.0 = Release|x64
		{F2A0CB73-B9DB-4898-A103-40213F83366D}.Signed|x86.ActiveCfg = Release|x86
		{F2A0CB73-B9DB-4898-A103-40213F83366D}.Signed|x86.Build.0 = Release|x86
		{F2A0CB73-B9DB-4898-A103-40213F83366D}.Signed|x86.Deploy.0 = Release|x86
	EndGlobalSection
	GlobalSection(SolutionProperties) = preSolution
		HideSolutionNode = FALSE
	EndGlobalSection
	GlobalSection(NestedProjects) = preSolution
		{124A25C1-CFE3-47E5-8B0A-564FBCD6C319} = {07A72A72-7CE5-46AE-B383-F4EA6408AE3C}
		{683D2AD2-E000-4DE1-AC8E-44A64E420F5B} = {07A72A72-7CE5-46AE-B383-F4EA6408AE3C}
		{A08B02A1-4BCE-4DF5-A1E9-1809E9515D87} = {07A72A72-7CE5-46AE-B383-F4EA6408AE3C}
		{EE065F14-D61A-4FF4-ACB3-362CC36B7449} = {07A72A72-7CE5-46AE-B383-F4EA6408AE3C}
		{F2A0CB73-B9DB-4898-A103-40213F83366D} = {07A72A72-7CE5-46AE-B383-F4EA6408AE3C}
	EndGlobalSection
	GlobalSection(ExtensibilityGlobals) = postSolution
		SolutionGuid = {5982C678-B29E-487B-9B3E-7F547EC1222D}
		EnterpriseLibraryConfigurationToolBinariesPath = packages\TransientFaultHandling.Core.5.1.1209.1\lib\NET4
		EnterpriseLibraryConfigurationToolBinariesPathV6 = packages\EnterpriseLibrary.TransientFaultHandling.6.0.1304.0\lib\portable-net45+win+wp8;packages\EnterpriseLibrary.TransientFaultHandling.WindowsAzure.Storage.6.0.1304.1\lib\NET45;packages\EnterpriseLibrary.TransientFaultHandling.Data.6.0.1304.1\lib\NET45
	EndGlobalSection
EndGlobal
