<?xml version="1.0" encoding="utf-8"?>
<Project ToolsVersion="4.0" xmlns="http://schemas.microsoft.com/developer/msbuild/2003">
  <ItemGroup>
    <Filter Include="Source Files">
      <UniqueIdentifier>{4FC737F1-C7A5-4376-A066-2A32D752A2FF}</UniqueIdentifier>
      <Extensions>cpp;c;cc;cxx;def;odl;idl;hpj;bat;asm;asmx</Extensions>
    </Filter>
    <Filter Include="Header Files">
      <UniqueIdentifier>{93995380-89BD-4b04-88EB-625FBE52EBFB}</UniqueIdentifier>
      <Extensions>h;hpp;hxx;hm;inl;inc;xsd</Extensions>
    </Filter>
    <Filter Include="Resource Files">
      <UniqueIdentifier>{67DA6AB6-F800-4c08-8B7A-83BB121AAD01}</UniqueIdentifier>
      <Extensions>rc;ico;cur;bmp;dlg;rc2;rct;bin;rgs;gif;jpg;jpeg;jpe;resx;tiff;tif;png;wav;mfcribbon-ms</Extensions>
    </Filter>
  </ItemGroup>
  <ItemGroup>
    <ClInclude Include="stdafx.h">
      <Filter>Header Files</Filter>
    </ClInclude>
    <ClInclude Include="targetver.h">
      <Filter>Header Files</Filter>
    </ClInclude>
    <ClInclude Include="DetoursHookClass.h">
      <Filter>Header Files</Filter>
    </ClInclude>
    <ClInclude Include="MicroMock.h">
      <Filter>Header Files</Filter>
    </ClInclude>
    <ClInclude Include="MicroMockCallMacros.h">
      <Filter>Header Files</Filter>
    </ClInclude>
    <ClInclude Include="MicroMockCommon.h">
      <Filter>Header Files</Filter>
    </ClInclude>
    <ClInclude Include="MicroMockException.h">
      <Filter>Header Files</Filter>
    </ClInclude>
    <ClInclude Include="MicroMockTestRunnerHooks.h">
      <Filter>Header Files</Filter>
    </ClInclude>
    <ClInclude Include="Mock.h">
      <Filter>Header Files</Filter>
    </ClInclude>
    <ClInclude Include="MockCallArgument.h">
      <Filter>Header Files</Filter>
    </ClInclude>
    <ClInclude Include="MockCallArgumentBase.h">
      <Filter>Header Files</Filter>
    </ClInclude>
    <ClInclude Include="MockCallComparer.h">
      <Filter>Header Files</Filter>
    </ClInclude>
    <ClInclude Include="MockCallRecorder.h">
      <Filter>Header Files</Filter>
    </ClInclude>
    <ClInclude Include="MockMethodCall.h">
      <Filter>Header Files</Filter>
    </ClInclude>
    <ClInclude Include="MockMethodCallBase.h">
      <Filter>Header Files</Filter>
    </ClInclude>
    <ClInclude Include="MockResultValue.h">
      <Filter>Header Files</Filter>
    </ClInclude>
    <ClInclude Include="MockValue.h">
      <Filter>Header Files</Filter>
    </ClInclude>
    <ClInclude Include="MockValueBase.h">
      <Filter>Header Files</Filter>
    </ClInclude>
    <ClInclude Include="NiceCallComparer.h">
      <Filter>Header Files</Filter>
    </ClInclude>
    <ClInclude Include="RuntimeMock.h">
      <Filter>Header Files</Filter>
    </ClInclude>
    <ClInclude Include="StrictOrderedCallComparer.h">
      <Filter>Header Files</Filter>
    </ClInclude>
    <ClInclude Include="StrictUnorderedCallComparer.h">
      <Filter>Header Files</Filter>
    </ClInclude>
    <ClInclude Include="ThreadSafeGlobalMock.h">
      <Filter>Header Files</Filter>
    </ClInclude>
    <ClInclude Include="TimeDiscreteMicroMock.h">
      <Filter>Header Files</Filter>
    </ClInclude>
    <ClInclude Include="TimeDiscreteMicroMockCallMacros.h">
      <Filter>Header Files</Filter>
    </ClInclude>
    <ClInclude Include="GlobalMock.h">
      <Filter>Header Files</Filter>
    </ClInclude>
    <ClInclude Include="MicroMockCharStarArenullTerminatedStrings.h">
      <Filter>Header Files</Filter>
    </ClInclude>
  </ItemGroup>
  <ItemGroup>
    <ClCompile Include="stdafx.cpp">
      <Filter>Source Files</Filter>
    </ClCompile>
    <ClCompile Include="DetoursHookClass.cpp">
      <Filter>Source Files</Filter>
    </ClCompile>
    <ClCompile Include="MicromockException.cpp">
      <Filter>Source Files</Filter>
    </ClCompile>
    <ClCompile Include="MockCallRecorder.cpp">
      <Filter>Source Files</Filter>
    </ClCompile>
    <ClCompile Include="MockMethodCallBase.cpp">
      <Filter>Source Files</Filter>
    </ClCompile>
    <ClCompile Include="MockValueBase.cpp">
      <Filter>Source Files</Filter>
    </ClCompile>
    <ClCompile Include="TimeDiscreteMicroMock.cpp">
      <Filter>Source Files</Filter>
    </ClCompile>
    <ClCompile Include="MicroMockCharStarArenullTerminatedStrings.cpp">
      <Filter>Source Files</Filter>
    </ClCompile>
  </ItemGroup>
  <ItemGroup>
    <None Include="MicroMock.xps" />
    <None Include="TimeDiscreteMicroMock.xps" />
  </ItemGroup>
</Project>